{
  "object": {
    "pins": [
      {
        "package": "Hydra",
        "repositoryURL": "https://github.com/malcommac/Hydra.git",
        "state": {
          "branch": null,
          "revision": "1d508bc909b1e7c334c1720a4b7d93a5b2d3012a",
          "version": "2.0.6"
        }
      }
    ]
  },
  "version": 1
}
