PODS:
  - HydraAsync (2.0.5)
  - Nimble (8.1.2)
  - Quick (2.2.1)

DEPENDENCIES:
  - HydraAsync (~> 2.0)
  - Nimble (~> 8.0)
  - Quick (~> 2.2)

SPEC REPOS:
  trunk:
    - HydraAsync
    - Nimble
    - Quick

SPEC CHECKSUMS:
  HydraAsync: 6b74390f143e7edfb8bd3c706262b67bbefc09df
  Nimble: 3864815b4703c7ebffba875973c70e854489fbae
  Quick: f5754d69b7013f5864c29aab9ae6f0c79c5bc200

PODFILE CHECKSUM: 82d7612189b25021029c8f34c747df01d3fb0551

COCOAPODS: 1.9.3
