PODS:
  - HydraAsync (2.0.2)
  - Nimble (8.0.4)
  - Quick (2.2.0)

DEPENDENCIES:
  - HydraAsync (~> 2.0)
  - Nimble (~> 8.0)
  - Quick (~> 2.2)

SPEC REPOS:
  trunk:
    - HydraAsync
    - Nimble
    - Quick

SPEC CHECKSUMS:
  HydraAsync: 690b8c1c9dcde7ee1093cee363a6c1ce36b56a83
  Nimble: 18d5360282923225d62b09d781f63abc1a0111fc
  Quick: 7fb19e13be07b5dfb3b90d4f9824c855a11af40e

PODFILE CHECKSUM: 82d7612189b25021029c8f34c747df01d3fb0551

COCOAPODS: 1.9.3
