// !$*UTF8*$!
{
	archiveVersion = "";
	classes = "";
	objectVersion = 46;
	objects = {

/* Begin PBXBuildFile section */
		026F3770B4D6D2C672D4818C /* DispatchTimerWrapper.swift in Sources */ = {isa = PBXBuildFile; fileRef = 618456FB59CD418F7910388A /* DispatchTimerWrapper.swift */; };
		084470766444C9D3A2EF11EA /* SideEffect.swift in Sources */ = {isa = PBXBuildFile; fileRef = BE8378420256B87A294FFEE8 /* SideEffect.swift */; };
		0D1654C94FA4CAE6ACF74EE0 /* ActionWithSideEffect.swift in Sources */ = {isa = PBXBuildFile; fileRef = FDEC0C9A52CFDA1A59C27B22 /* ActionWithSideEffect.swift */; };
		13A1AB2A7D09EE03785771EA /* Promise+State.swift in Sources */ = {isa = PBXBuildFile; fileRef = 57388D7700908D7DAB889954 /* Promise+State.swift */; };
		152C878FC8BC106FBDEF05BB /* Promise+Timeout.swift in Sources */ = {isa = PBXBuildFile; fileRef = 43F1110DE8021D3C7E293AF1 /* Promise+Timeout.swift */; };
		16DEE84F9ACF7677B727102C /* LegacyActions.swift in Sources */ = {isa = PBXBuildFile; fileRef = 477610796DA2D11441472D3A /* LegacyActions.swift */; };
		17BFFF0A21D24A860E1B3773 /* StateUpdaterTests.swift in Sources */ = {isa = PBXBuildFile; fileRef = 8A86EA180076C0CF0823F7EE /* StateUpdaterTests.swift */; };
		18AD407DFF8BD44450E834CC /* Promise+Reduce.swift in Sources */ = {isa = PBXBuildFile; fileRef = 9A935A7ED804930273B54557 /* Promise+Reduce.swift */; };
		1B5B0702731004DBFD738DEB /* Promise+Map.swift in Sources */ = {isa = PBXBuildFile; fileRef = 37A8A9203A35E54AA7FE2F15 /* Promise+Map.swift */; };
		2A42E9240CC28E8C6A140CEE /* LegacyActionDescriptionTests.swift in Sources */ = {isa = PBXBuildFile; fileRef = D264542A67696E8787967E5C /* LegacyActionDescriptionTests.swift */; };
		2B172D315A0878A1007622B9 /* Katana.framework in Frameworks */ = {isa = PBXBuildFile; fileRef = A17951A3B1FA41FE3DA48AA1 /* Katana.framework */; };
		2E759FF122A59010292FBF49 /* Promise+Defer.swift in Sources */ = {isa = PBXBuildFile; fileRef = 47615BF41DC82D9B0D1A7037 /* Promise+Defer.swift */; };
		2F1CB7071797BECEC20C42E0 /* Dispatchable.swift in Sources */ = {isa = PBXBuildFile; fileRef = BEDCA7944639C813C6A49A1B /* Dispatchable.swift */; };
		36A3034298AC5581982D58CA /* SignpostLogger.swift in Sources */ = {isa = PBXBuildFile; fileRef = E13EABA33E145A3B25624C07 /* SignpostLogger.swift */; };
		3C468A066F2CC300685D6F43 /* AsyncAction.swift in Sources */ = {isa = PBXBuildFile; fileRef = 9047E9B0D47A652992835576 /* AsyncAction.swift */; };
		3FEF00F61A8157BFE47E8149 /* Promise+Await.swift in Sources */ = {isa = PBXBuildFile; fileRef = E4834274D522FA4E05771331 /* Promise+Await.swift */; };
		49B3FE4F9FBCF2E408E38C86 /* State.swift in Sources */ = {isa = PBXBuildFile; fileRef = 889DAD706A10955DC97FBDBC /* State.swift */; };
		4B23B9A2AF05C5AF1C04F70E /* ObserverInterceptor.swift in Sources */ = {isa = PBXBuildFile; fileRef = 7CB17646577E417912F90AC6 /* ObserverInterceptor.swift */; };
		4FF3329924498A465525132D /* Promise+Zip.swift in Sources */ = {isa = PBXBuildFile; fileRef = 76FA7695952C3C03EFA0E01E /* Promise+Zip.swift */; };
		5EBF5420D3987639B5858B09 /* LegacySideEffectTests.swift in Sources */ = {isa = PBXBuildFile; fileRef = 6AEF3C29F2B988CB3132B28E /* LegacySideEffectTests.swift */; };
		66377B1407C5B1A2EB6EE0B8 /* Promise+Katana.swift in Sources */ = {isa = PBXBuildFile; fileRef = A8575EE3B78F4DC105E3B6F4 /* Promise+Katana.swift */; };
		6D18348F9F11E702EC915316 /* Katana.h in Headers */ = {isa = PBXBuildFile; fileRef = 71A524B9BE1AA1D68F3B73DD /* Katana.h */; settings = {ATTRIBUTES = (Public, ); }; };
		7023CB536899C20C4D4D7E61 /* Foundation.framework in Frameworks */ = {isa = PBXBuildFile; fileRef = 40AC054A559CBEC5BC780869 /* Foundation.framework */; };
		714508BB27DE935B60576DDF /* Pods_KatanaTests.framework in Frameworks */ = {isa = PBXBuildFile; fileRef = A12FF92099C054F05634AB99 /* Pods_KatanaTests.framework */; };
		721EE7886BA2A1FE0AAB9013 /* Promise+All.swift in Sources */ = {isa = PBXBuildFile; fileRef = A91AB6EAE9D53DDB8E5154CA /* Promise+All.swift */; };
		7265A516DBD41BCC04455293 /* Promise+Pass.swift in Sources */ = {isa = PBXBuildFile; fileRef = 0A34F611268386C22413CD30 /* Promise+Pass.swift */; };
		7845829538D77A2B0E074CF6 /* Promise+Validate.swift in Sources */ = {isa = PBXBuildFile; fileRef = 4BC4334E5F5A6B9C9110D70A /* Promise+Validate.swift */; };
		786F1F63016147E82C553EC0 /* TestDependenciesContainer.swift in Sources */ = {isa = PBXBuildFile; fileRef = 2BBF80B36963E5F4A5CF1939 /* TestDependenciesContainer.swift */; };
		7CC7634CA58A982D29F810BC /* Commons.swift in Sources */ = {isa = PBXBuildFile; fileRef = 55B00E0AD9B0DEB2616FB604 /* Commons.swift */; };
		7FA5F7FA983610C4C9928750 /* Promise.swift in Sources */ = {isa = PBXBuildFile; fileRef = B903AA28A2394B0AA2C605EE /* Promise.swift */; };
		82C1D4B4E11322C7E57BDB38 /* Types.swift in Sources */ = {isa = PBXBuildFile; fileRef = A354F7D886EB1231E7C27464 /* Types.swift */; };
		868DB10013E75C0C672EB708 /* Promise+Async.swift in Sources */ = {isa = PBXBuildFile; fileRef = AEE6E7953E323665106E131B /* Promise+Async.swift */; };
		877E46115D20EFACF82BA059 /* LegacyActionTests.swift in Sources */ = {isa = PBXBuildFile; fileRef = DA42F83FFC527375F1B66C26 /* LegacyActionTests.swift */; };
		8A86FD121028CF45BBDFF3BD /* UIKit.framework in Frameworks */ = {isa = PBXBuildFile; fileRef = 8D7403A7F8DD5DCCC670B8E7 /* UIKit.framework */; };
		8FA2F177AD8C7A25DB96D24D /* LegacyMiddlewareTests.swift in Sources */ = {isa = PBXBuildFile; fileRef = A7C4BDDE1CE1B36E34140389 /* LegacyMiddlewareTests.swift */; };
		91B9C3134C1276E065DC3840 /* Promise+Cancel.swift in Sources */ = {isa = PBXBuildFile; fileRef = D2C1AAC451998D28D25A9D94 /* Promise+Cancel.swift */; };
		96F6D1654211B41AEC072612 /* Foundation.framework in Frameworks */ = {isa = PBXBuildFile; fileRef = 40AC054A559CBEC5BC780869 /* Foundation.framework */; };
		9875875C1687B4FC8A0C17C1 /* UIKit.framework in Frameworks */ = {isa = PBXBuildFile; fileRef = 8D7403A7F8DD5DCCC670B8E7 /* UIKit.framework */; };
		9BD1486252BC4EB16C377C11 /* ActionLinks.swift in Sources */ = {isa = PBXBuildFile; fileRef = 4FC60353313032B7E7C50C4A /* ActionLinks.swift */; };
		9DE17853DA8E5DA910A2EB4F /* ObserverInterceptorTests.swift in Sources */ = {isa = PBXBuildFile; fileRef = 149A4272DF3CEEC5CECB5EB2 /* ObserverInterceptorTests.swift */; };
		9EDC8420D9544B599143876E /* Context.swift in Sources */ = {isa = PBXBuildFile; fileRef = B9C334EE5BA519F862DE88B8 /* Context.swift */; };
		9F25DA8FFF6C7E4C10E1B9C2 /* LegacyDependencyContainer.swift in Sources */ = {isa = PBXBuildFile; fileRef = 0F4A53D91FB088ADF43C553E /* LegacyDependencyContainer.swift */; };
		A470EA49DC3E40181D2DEE82 /* LegacyStoreTypealiases.swift in Sources */ = {isa = PBXBuildFile; fileRef = FECA1F1C7ED9AF509F4B7F50 /* LegacyStoreTypealiases.swift */; };
		A4D18BE3093495C1BCA17098 /* LegacyAsyncActionTests.swift in Sources */ = {isa = PBXBuildFile; fileRef = 05A6AC9FF38099A36263543F /* LegacyAsyncActionTests.swift */; };
		AAC8D52E76B1146B2EE56FE1 /* StoreInterceptorsTests.swift in Sources */ = {isa = PBXBuildFile; fileRef = 58B1E4844BF6D73E839CD1B8 /* StoreInterceptorsTests.swift */; };
		ABCC8BF3BF69217D8B1CFCAA /* StateUpdater.swift in Sources */ = {isa = PBXBuildFile; fileRef = 1DB52D7F96FC8B1436231D8D /* StateUpdater.swift */; };
		AC7AC5E2D3FD8A5C5677D99A /* Pods_Katana.framework in Frameworks */ = {isa = PBXBuildFile; fileRef = 7D1F2032365EFE2A289A97C7 /* Pods_Katana.framework */; };
		B16FA3DBC623CF2E7118E779 /* Promise+Then.swift in Sources */ = {isa = PBXBuildFile; fileRef = F1F06C0534511FF7310443BE /* Promise+Then.swift */; };
		B1B07EC4CE84ED4CFE28F0DD /* StoreTests.swift in Sources */ = {isa = PBXBuildFile; fileRef = 70B750B40FA32262456D9DF4 /* StoreTests.swift */; };
		B4CF919B63F39E296F9666DF /* SideEffectDependencyContainer.swift in Sources */ = {isa = PBXBuildFile; fileRef = 64BB6686AA16484230CF0CF1 /* SideEffectDependencyContainer.swift */; };
		B6FD9C372B5A3088F36E5353 /* Promise+Always.swift in Sources */ = {isa = PBXBuildFile; fileRef = 76C612571E19B90CF12E0DAF /* Promise+Always.swift */; };
		C10EAEB05535FEBCECF887E2 /* Promise+Observer.swift in Sources */ = {isa = PBXBuildFile; fileRef = 62ED48D77672471BCBB4A403 /* Promise+Observer.swift */; };
		C26F99886E713CC4832A7297 /* ActionLinker.swift in Sources */ = {isa = PBXBuildFile; fileRef = C9D86DC4CC06EA5BF952A316 /* ActionLinker.swift */; };
		C6BAD82C730BA266F1EA23F0 /* Store.swift in Sources */ = {isa = PBXBuildFile; fileRef = 29A2E3D9AF2FA317933159B8 /* Store.swift */; };
		C9059A64D1CEFFCD283C7850 /* Interceptor.swift in Sources */ = {isa = PBXBuildFile; fileRef = 2747DE98F71BD39FBB80920F /* Interceptor.swift */; };
		C92D8FD743F66288C207D352 /* LegacyActionLinkerTests.swift in Sources */ = {isa = PBXBuildFile; fileRef = 753D9AA84F13B3C6A68367F7 /* LegacyActionLinkerTests.swift */; };
		CCD2C6BE61861C0766B43806 /* Promise+Any.swift in Sources */ = {isa = PBXBuildFile; fileRef = 11DF2BC3D567A5BD8FABC76F /* Promise+Any.swift */; };
		CFB8E199652F57ECBC38E7BE /* State.swift in Sources */ = {isa = PBXBuildFile; fileRef = 86BDD9A3155EC3105AADC951 /* State.swift */; };
		D2D3BF7BBC3B724CFFE2299F /* LegacyStoreTests.swift in Sources */ = {isa = PBXBuildFile; fileRef = 6FA52887A3C09CB0BD0AABBA /* LegacyStoreTests.swift */; };
		D6E62581F4EE713AEB88766A /* Action.swift in Sources */ = {isa = PBXBuildFile; fileRef = 89E443C00BFF5E178F6AD3BD /* Action.swift */; };
		DFA327EA3CC8490D36E81DB6 /* Promise+Catch.swift in Sources */ = {isa = PBXBuildFile; fileRef = FA7731197A56E380263D59A6 /* Promise+Catch.swift */; };
		E234165920BF52B58912D221 /* Promise+Retry.swift in Sources */ = {isa = PBXBuildFile; fileRef = 55890F41E3D91BE8B6C8282B /* Promise+Retry.swift */; };
		E4FACB8044C1B4EC641120E0 /* SideEffectTests.swift in Sources */ = {isa = PBXBuildFile; fileRef = F2D2953B9D062C5955F9F40A /* SideEffectTests.swift */; };
		E6890B0026C2A33742F79719 /* Promise+Recover.swift in Sources */ = {isa = PBXBuildFile; fileRef = 3B2CAD069993624304527125 /* Promise+Recover.swift */; };
		E94FA3BCBAC61CB9727F537A /* ActionLogger.swift in Sources */ = {isa = PBXBuildFile; fileRef = 30AACD3ED29F5F99322FB607 /* ActionLogger.swift */; };
		EA39036B18DB0EA7CB47F929 /* DispatchableLogger.swift in Sources */ = {isa = PBXBuildFile; fileRef = 88EC8AEAB8323F45008E9E8E /* DispatchableLogger.swift */; };
		F53521432F25A01CE60309EC /* LinkeableAction.swift in Sources */ = {isa = PBXBuildFile; fileRef = C8009B2039FE0CED32F37F14 /* LinkeableAction.swift */; };
/* End PBXBuildFile section */

/* Begin PBXContainerItemProxy section */
		67445E554E0EDB0A8B32120C /* PBXContainerItemProxy */ = {
			isa = PBXContainerItemProxy;
			containerPortal = 7099CFB32040EE3C9A9E4C04 /* Project object */;
			proxyType = 1;
			remoteGlobalIDString = 76009DF05AC564628E00D8A0;
			remoteInfo = Katana;
		};
/* End PBXContainerItemProxy section */

/* Begin PBXFileReference section */
		05A6AC9FF38099A36263543F /* LegacyAsyncActionTests.swift */ = {isa = PBXFileReference; includeInIndex = 1; lastKnownFileType = sourcecode.swift; path = LegacyAsyncActionTests.swift; sourceTree = "<group>"; };
		0A34F611268386C22413CD30 /* Promise+Pass.swift */ = {isa = PBXFileReference; includeInIndex = 1; lastKnownFileType = sourcecode.swift; path = "Promise+Pass.swift"; sourceTree = "<group>"; };
		0F4A53D91FB088ADF43C553E /* LegacyDependencyContainer.swift */ = {isa = PBXFileReference; includeInIndex = 1; lastKnownFileType = sourcecode.swift; path = LegacyDependencyContainer.swift; sourceTree = "<group>"; };
		11DF2BC3D567A5BD8FABC76F /* Promise+Any.swift */ = {isa = PBXFileReference; includeInIndex = 1; lastKnownFileType = sourcecode.swift; path = "Promise+Any.swift"; sourceTree = "<group>"; };
		149A4272DF3CEEC5CECB5EB2 /* ObserverInterceptorTests.swift */ = {isa = PBXFileReference; includeInIndex = 1; lastKnownFileType = sourcecode.swift; path = ObserverInterceptorTests.swift; sourceTree = "<group>"; };
		1DB52D7F96FC8B1436231D8D /* StateUpdater.swift */ = {isa = PBXFileReference; includeInIndex = 1; lastKnownFileType = sourcecode.swift; path = StateUpdater.swift; sourceTree = "<group>"; };
		224AE7C24C415186375864BE /* Pods-KatanaTests.release.xcconfig */ = {isa = PBXFileReference; includeInIndex = 1; lastKnownFileType = text.xcconfig; name = "Pods-KatanaTests.release.xcconfig"; path = "Pods/Target Support Files/Pods-KatanaTests/Pods-KatanaTests.release.xcconfig"; sourceTree = "<group>"; };
		2747DE98F71BD39FBB80920F /* Interceptor.swift */ = {isa = PBXFileReference; includeInIndex = 1; lastKnownFileType = sourcecode.swift; path = Interceptor.swift; sourceTree = "<group>"; };
		29A2E3D9AF2FA317933159B8 /* Store.swift */ = {isa = PBXFileReference; includeInIndex = 1; lastKnownFileType = sourcecode.swift; path = Store.swift; sourceTree = "<group>"; };
		2BBF80B36963E5F4A5CF1939 /* TestDependenciesContainer.swift */ = {isa = PBXFileReference; includeInIndex = 1; lastKnownFileType = sourcecode.swift; path = TestDependenciesContainer.swift; sourceTree = "<group>"; };
		30AACD3ED29F5F99322FB607 /* ActionLogger.swift */ = {isa = PBXFileReference; includeInIndex = 1; lastKnownFileType = sourcecode.swift; path = ActionLogger.swift; sourceTree = "<group>"; };
		37A8A9203A35E54AA7FE2F15 /* Promise+Map.swift */ = {isa = PBXFileReference; includeInIndex = 1; lastKnownFileType = sourcecode.swift; path = "Promise+Map.swift"; sourceTree = "<group>"; };
		3B2CAD069993624304527125 /* Promise+Recover.swift */ = {isa = PBXFileReference; includeInIndex = 1; lastKnownFileType = sourcecode.swift; path = "Promise+Recover.swift"; sourceTree = "<group>"; };
		40AC054A559CBEC5BC780869 /* Foundation.framework */ = {isa = PBXFileReference; lastKnownFileType = wrapper.framework; name = Foundation.framework; path = Platforms/iPhoneOS.platform/Developer/SDKs/iPhoneOS11.3.sdk/System/Library/Frameworks/Foundation.framework; sourceTree = DEVELOPER_DIR; };
		43F1110DE8021D3C7E293AF1 /* Promise+Timeout.swift */ = {isa = PBXFileReference; includeInIndex = 1; lastKnownFileType = sourcecode.swift; path = "Promise+Timeout.swift"; sourceTree = "<group>"; };
		47615BF41DC82D9B0D1A7037 /* Promise+Defer.swift */ = {isa = PBXFileReference; includeInIndex = 1; lastKnownFileType = sourcecode.swift; path = "Promise+Defer.swift"; sourceTree = "<group>"; };
		477610796DA2D11441472D3A /* LegacyActions.swift */ = {isa = PBXFileReference; includeInIndex = 1; lastKnownFileType = sourcecode.swift; path = LegacyActions.swift; sourceTree = "<group>"; };
		4BC4334E5F5A6B9C9110D70A /* Promise+Validate.swift */ = {isa = PBXFileReference; includeInIndex = 1; lastKnownFileType = sourcecode.swift; path = "Promise+Validate.swift"; sourceTree = "<group>"; };
		4FC60353313032B7E7C50C4A /* ActionLinks.swift */ = {isa = PBXFileReference; includeInIndex = 1; lastKnownFileType = sourcecode.swift; path = ActionLinks.swift; sourceTree = "<group>"; };
		55890F41E3D91BE8B6C8282B /* Promise+Retry.swift */ = {isa = PBXFileReference; includeInIndex = 1; lastKnownFileType = sourcecode.swift; path = "Promise+Retry.swift"; sourceTree = "<group>"; };
		55B00E0AD9B0DEB2616FB604 /* Commons.swift */ = {isa = PBXFileReference; includeInIndex = 1; lastKnownFileType = sourcecode.swift; path = Commons.swift; sourceTree = "<group>"; };
		57388D7700908D7DAB889954 /* Promise+State.swift */ = {isa = PBXFileReference; includeInIndex = 1; lastKnownFileType = sourcecode.swift; path = "Promise+State.swift"; sourceTree = "<group>"; };
		58B1E4844BF6D73E839CD1B8 /* StoreInterceptorsTests.swift */ = {isa = PBXFileReference; includeInIndex = 1; lastKnownFileType = sourcecode.swift; path = StoreInterceptorsTests.swift; sourceTree = "<group>"; };
		618456FB59CD418F7910388A /* DispatchTimerWrapper.swift */ = {isa = PBXFileReference; includeInIndex = 1; lastKnownFileType = sourcecode.swift; path = DispatchTimerWrapper.swift; sourceTree = "<group>"; };
		62ED48D77672471BCBB4A403 /* Promise+Observer.swift */ = {isa = PBXFileReference; includeInIndex = 1; lastKnownFileType = sourcecode.swift; path = "Promise+Observer.swift"; sourceTree = "<group>"; };
		64BB6686AA16484230CF0CF1 /* SideEffectDependencyContainer.swift */ = {isa = PBXFileReference; includeInIndex = 1; lastKnownFileType = sourcecode.swift; path = SideEffectDependencyContainer.swift; sourceTree = "<group>"; };
		6AEF3C29F2B988CB3132B28E /* LegacySideEffectTests.swift */ = {isa = PBXFileReference; includeInIndex = 1; lastKnownFileType = sourcecode.swift; path = LegacySideEffectTests.swift; sourceTree = "<group>"; };
		6FA52887A3C09CB0BD0AABBA /* LegacyStoreTests.swift */ = {isa = PBXFileReference; includeInIndex = 1; lastKnownFileType = sourcecode.swift; path = LegacyStoreTests.swift; sourceTree = "<group>"; };
		70B750B40FA32262456D9DF4 /* StoreTests.swift */ = {isa = PBXFileReference; includeInIndex = 1; lastKnownFileType = sourcecode.swift; path = StoreTests.swift; sourceTree = "<group>"; };
		71A524B9BE1AA1D68F3B73DD /* Katana.h */ = {isa = PBXFileReference; includeInIndex = 1; lastKnownFileType = sourcecode.c.h; path = Katana.h; sourceTree = "<group>"; };
		753D9AA84F13B3C6A68367F7 /* LegacyActionLinkerTests.swift */ = {isa = PBXFileReference; includeInIndex = 1; lastKnownFileType = sourcecode.swift; path = LegacyActionLinkerTests.swift; sourceTree = "<group>"; };
		76C612571E19B90CF12E0DAF /* Promise+Always.swift */ = {isa = PBXFileReference; includeInIndex = 1; lastKnownFileType = sourcecode.swift; path = "Promise+Always.swift"; sourceTree = "<group>"; };
		76FA7695952C3C03EFA0E01E /* Promise+Zip.swift */ = {isa = PBXFileReference; includeInIndex = 1; lastKnownFileType = sourcecode.swift; path = "Promise+Zip.swift"; sourceTree = "<group>"; };
		7CB17646577E417912F90AC6 /* ObserverInterceptor.swift */ = {isa = PBXFileReference; includeInIndex = 1; lastKnownFileType = sourcecode.swift; path = ObserverInterceptor.swift; sourceTree = "<group>"; };
		7D1F2032365EFE2A289A97C7 /* Pods_Katana.framework */ = {isa = PBXFileReference; explicitFileType = wrapper.framework; includeInIndex = 0; path = Pods_Katana.framework; sourceTree = BUILT_PRODUCTS_DIR; };
		86BDD9A3155EC3105AADC951 /* State.swift */ = {isa = PBXFileReference; includeInIndex = 1; lastKnownFileType = sourcecode.swift; path = State.swift; sourceTree = "<group>"; };
		889DAD706A10955DC97FBDBC /* State.swift */ = {isa = PBXFileReference; includeInIndex = 1; lastKnownFileType = sourcecode.swift; path = State.swift; sourceTree = "<group>"; };
		88EC8AEAB8323F45008E9E8E /* DispatchableLogger.swift */ = {isa = PBXFileReference; includeInIndex = 1; lastKnownFileType = sourcecode.swift; path = DispatchableLogger.swift; sourceTree = "<group>"; };
		89E443C00BFF5E178F6AD3BD /* Action.swift */ = {isa = PBXFileReference; includeInIndex = 1; lastKnownFileType = sourcecode.swift; path = Action.swift; sourceTree = "<group>"; };
		8A86EA180076C0CF0823F7EE /* StateUpdaterTests.swift */ = {isa = PBXFileReference; includeInIndex = 1; lastKnownFileType = sourcecode.swift; path = StateUpdaterTests.swift; sourceTree = "<group>"; };
		8D7403A7F8DD5DCCC670B8E7 /* UIKit.framework */ = {isa = PBXFileReference; lastKnownFileType = wrapper.framework; name = UIKit.framework; path = Platforms/iPhoneOS.platform/Developer/SDKs/iPhoneOS11.3.sdk/System/Library/Frameworks/UIKit.framework; sourceTree = DEVELOPER_DIR; };
		9047E9B0D47A652992835576 /* AsyncAction.swift */ = {isa = PBXFileReference; includeInIndex = 1; lastKnownFileType = sourcecode.swift; path = AsyncAction.swift; sourceTree = "<group>"; };
		993D6E6EB465CC26196AF31C /* KatanaTests.xctest */ = {isa = PBXFileReference; explicitFileType = wrapper.cfbundle; includeInIndex = 0; path = KatanaTests.xctest; sourceTree = BUILT_PRODUCTS_DIR; };
		9A935A7ED804930273B54557 /* Promise+Reduce.swift */ = {isa = PBXFileReference; includeInIndex = 1; lastKnownFileType = sourcecode.swift; path = "Promise+Reduce.swift"; sourceTree = "<group>"; };
		A12FF92099C054F05634AB99 /* Pods_KatanaTests.framework */ = {isa = PBXFileReference; explicitFileType = wrapper.framework; includeInIndex = 0; path = Pods_KatanaTests.framework; sourceTree = BUILT_PRODUCTS_DIR; };
		A17951A3B1FA41FE3DA48AA1 /* Katana.framework */ = {isa = PBXFileReference; explicitFileType = wrapper.framework; includeInIndex = 0; path = Katana.framework; sourceTree = BUILT_PRODUCTS_DIR; };
		A354F7D886EB1231E7C27464 /* Types.swift */ = {isa = PBXFileReference; includeInIndex = 1; lastKnownFileType = sourcecode.swift; path = Types.swift; sourceTree = "<group>"; };
		A7C4BDDE1CE1B36E34140389 /* LegacyMiddlewareTests.swift */ = {isa = PBXFileReference; includeInIndex = 1; lastKnownFileType = sourcecode.swift; path = LegacyMiddlewareTests.swift; sourceTree = "<group>"; };
		A8575EE3B78F4DC105E3B6F4 /* Promise+Katana.swift */ = {isa = PBXFileReference; includeInIndex = 1; lastKnownFileType = sourcecode.swift; path = "Promise+Katana.swift"; sourceTree = "<group>"; };
		A91AB6EAE9D53DDB8E5154CA /* Promise+All.swift */ = {isa = PBXFileReference; includeInIndex = 1; lastKnownFileType = sourcecode.swift; path = "Promise+All.swift"; sourceTree = "<group>"; };
		AEE6E7953E323665106E131B /* Promise+Async.swift */ = {isa = PBXFileReference; includeInIndex = 1; lastKnownFileType = sourcecode.swift; path = "Promise+Async.swift"; sourceTree = "<group>"; };
		B903AA28A2394B0AA2C605EE /* Promise.swift */ = {isa = PBXFileReference; includeInIndex = 1; lastKnownFileType = sourcecode.swift; path = Promise.swift; sourceTree = "<group>"; };
		B9C334EE5BA519F862DE88B8 /* Context.swift */ = {isa = PBXFileReference; includeInIndex = 1; lastKnownFileType = sourcecode.swift; path = Context.swift; sourceTree = "<group>"; };
		BE69136D2A1F1483274E6F70 /* Pods-Katana.release.xcconfig */ = {isa = PBXFileReference; includeInIndex = 1; lastKnownFileType = text.xcconfig; name = "Pods-Katana.release.xcconfig"; path = "Pods/Target Support Files/Pods-Katana/Pods-Katana.release.xcconfig"; sourceTree = "<group>"; };
		BE8378420256B87A294FFEE8 /* SideEffect.swift */ = {isa = PBXFileReference; includeInIndex = 1; lastKnownFileType = sourcecode.swift; path = SideEffect.swift; sourceTree = "<group>"; };
		BEDCA7944639C813C6A49A1B /* Dispatchable.swift */ = {isa = PBXFileReference; includeInIndex = 1; lastKnownFileType = sourcecode.swift; path = Dispatchable.swift; sourceTree = "<group>"; };
		C8009B2039FE0CED32F37F14 /* LinkeableAction.swift */ = {isa = PBXFileReference; includeInIndex = 1; lastKnownFileType = sourcecode.swift; path = LinkeableAction.swift; sourceTree = "<group>"; };
		C9D86DC4CC06EA5BF952A316 /* ActionLinker.swift */ = {isa = PBXFileReference; includeInIndex = 1; lastKnownFileType = sourcecode.swift; path = ActionLinker.swift; sourceTree = "<group>"; };
		D264542A67696E8787967E5C /* LegacyActionDescriptionTests.swift */ = {isa = PBXFileReference; includeInIndex = 1; lastKnownFileType = sourcecode.swift; path = LegacyActionDescriptionTests.swift; sourceTree = "<group>"; };
		D2C1AAC451998D28D25A9D94 /* Promise+Cancel.swift */ = {isa = PBXFileReference; includeInIndex = 1; lastKnownFileType = sourcecode.swift; path = "Promise+Cancel.swift"; sourceTree = "<group>"; };
		D62D196223A506C6831B130D /* Pods-Katana.debug.xcconfig */ = {isa = PBXFileReference; includeInIndex = 1; lastKnownFileType = text.xcconfig; name = "Pods-Katana.debug.xcconfig"; path = "Pods/Target Support Files/Pods-Katana/Pods-Katana.debug.xcconfig"; sourceTree = "<group>"; };
		DA42F83FFC527375F1B66C26 /* LegacyActionTests.swift */ = {isa = PBXFileReference; includeInIndex = 1; lastKnownFileType = sourcecode.swift; path = LegacyActionTests.swift; sourceTree = "<group>"; };
		E13EABA33E145A3B25624C07 /* SignpostLogger.swift */ = {isa = PBXFileReference; includeInIndex = 1; lastKnownFileType = sourcecode.swift; path = SignpostLogger.swift; sourceTree = "<group>"; };
		E414E1B15F5631F65B0A0BFE /* Pods-KatanaTests.debug.xcconfig */ = {isa = PBXFileReference; includeInIndex = 1; lastKnownFileType = text.xcconfig; name = "Pods-KatanaTests.debug.xcconfig"; path = "Pods/Target Support Files/Pods-KatanaTests/Pods-KatanaTests.debug.xcconfig"; sourceTree = "<group>"; };
		E4834274D522FA4E05771331 /* Promise+Await.swift */ = {isa = PBXFileReference; includeInIndex = 1; lastKnownFileType = sourcecode.swift; path = "Promise+Await.swift"; sourceTree = "<group>"; };
		F1F06C0534511FF7310443BE /* Promise+Then.swift */ = {isa = PBXFileReference; includeInIndex = 1; lastKnownFileType = sourcecode.swift; path = "Promise+Then.swift"; sourceTree = "<group>"; };
		F2D2953B9D062C5955F9F40A /* SideEffectTests.swift */ = {isa = PBXFileReference; includeInIndex = 1; lastKnownFileType = sourcecode.swift; path = SideEffectTests.swift; sourceTree = "<group>"; };
		FA7731197A56E380263D59A6 /* Promise+Catch.swift */ = {isa = PBXFileReference; includeInIndex = 1; lastKnownFileType = sourcecode.swift; path = "Promise+Catch.swift"; sourceTree = "<group>"; };
		FDEC0C9A52CFDA1A59C27B22 /* ActionWithSideEffect.swift */ = {isa = PBXFileReference; includeInIndex = 1; lastKnownFileType = sourcecode.swift; path = ActionWithSideEffect.swift; sourceTree = "<group>"; };
		FECA1F1C7ED9AF509F4B7F50 /* LegacyStoreTypealiases.swift */ = {isa = PBXFileReference; includeInIndex = 1; lastKnownFileType = sourcecode.swift; path = LegacyStoreTypealiases.swift; sourceTree = "<group>"; };
/* End PBXFileReference section */

/* Begin PBXFrameworksBuildPhase section */
		B32C24E46184D046878A779C /* Frameworks */ = {
			isa = PBXFrameworksBuildPhase;
			buildActionMask = 2147483647;
			files = (
				2B172D315A0878A1007622B9 /* Katana.framework in Frameworks */,
				96F6D1654211B41AEC072612 /* Foundation.framework in Frameworks */,
				9875875C1687B4FC8A0C17C1 /* UIKit.framework in Frameworks */,
				714508BB27DE935B60576DDF /* Pods_KatanaTests.framework in Frameworks */,
			);
			runOnlyForDeploymentPostprocessing = 0;
		};
		D980E3DDC416FB29AD521DC9 /* Frameworks */ = {
			isa = PBXFrameworksBuildPhase;
			buildActionMask = 2147483647;
			files = (
				7023CB536899C20C4D4D7E61 /* Foundation.framework in Frameworks */,
				8A86FD121028CF45BBDFF3BD /* UIKit.framework in Frameworks */,
				AC7AC5E2D3FD8A5C5677D99A /* Pods_Katana.framework in Frameworks */,
			);
			runOnlyForDeploymentPostprocessing = 0;
		};
/* End PBXFrameworksBuildPhase section */

/* Begin PBXGroup section */
		1413AB8A490E1D94ABD9823C /* Legacy */ = {
			isa = PBXGroup;
			children = (
				E2ADF02486A01E6FE919BFC2 /* Middleware */,
				9047E9B0D47A652992835576 /* AsyncAction.swift */,
				89E443C00BFF5E178F6AD3BD /* Action.swift */,
				FDEC0C9A52CFDA1A59C27B22 /* ActionWithSideEffect.swift */,
				FECA1F1C7ED9AF509F4B7F50 /* LegacyStoreTypealiases.swift */,
			);
			name = Legacy;
			path = Legacy;
			sourceTree = "<group>";
		};
		1E8080375F7B874A38BBEB75 /* Core */ = {
			isa = PBXGroup;
			children = (
				A7C4BDDE1CE1B36E34140389 /* LegacyMiddlewareTests.swift */,
				753D9AA84F13B3C6A68367F7 /* LegacyActionLinkerTests.swift */,
				6AEF3C29F2B988CB3132B28E /* LegacySideEffectTests.swift */,
				DA42F83FFC527375F1B66C26 /* LegacyActionTests.swift */,
				6FA52887A3C09CB0BD0AABBA /* LegacyStoreTests.swift */,
				D264542A67696E8787967E5C /* LegacyActionDescriptionTests.swift */,
				05A6AC9FF38099A36263543F /* LegacyAsyncActionTests.swift */,
			);
			name = Core;
			path = Core;
			sourceTree = "<group>";
		};
		25F05A57E2346BD602BB41BB /* Mocks */ = {
			isa = PBXGroup;
			children = (
				86BDD9A3155EC3105AADC951 /* State.swift */,
				2BBF80B36963E5F4A5CF1939 /* TestDependenciesContainer.swift */,
			);
			name = Mocks;
			path = Mocks;
			sourceTree = "<group>";
		};
		260FBF19974251DF7CB465DE /* External */ = {
			isa = PBXGroup;
			children = (
				A9237DE9D9C7C2F0D84A4BF1 /* Hydra */,
			);
			name = External;
			path = External;
			sourceTree = "<group>";
		};
		2BC7E2ED80371FF8E2F6E0BC = {
			isa = PBXGroup;
			children = (
				6BF47AF6F5E586C11BBCB745 /* Products */,
				30076F47D1D7342B836059B1 /* KatanaTests */,
				7D343DDC6705D744AE2B11E4 /* Katana */,
				7753CCBB7ED086F4281B25BA /* Frameworks */,
				70B5C0B2C77E65B07DF80BFC /* Pods */,
			);
			sourceTree = "<group>";
		};
		30076F47D1D7342B836059B1 /* KatanaTests */ = {
			isa = PBXGroup;
			children = (
				25F05A57E2346BD602BB41BB /* Mocks */,
				8A86EA180076C0CF0823F7EE /* StateUpdaterTests.swift */,
				149A4272DF3CEEC5CECB5EB2 /* ObserverInterceptorTests.swift */,
				58B1E4844BF6D73E839CD1B8 /* StoreInterceptorsTests.swift */,
				E932E66FF3B85B865578A7D1 /* Legacy */,
				F2D2953B9D062C5955F9F40A /* SideEffectTests.swift */,
				70B750B40FA32262456D9DF4 /* StoreTests.swift */,
			);
			name = KatanaTests;
			path = KatanaTests;
			sourceTree = "<group>";
		};
		3BE3DBC6CEEF2BA6E53091B6 /* Interceptor */ = {
			isa = PBXGroup;
			children = (
				88EC8AEAB8323F45008E9E8E /* DispatchableLogger.swift */,
				7CB17646577E417912F90AC6 /* ObserverInterceptor.swift */,
				2747DE98F71BD39FBB80920F /* Interceptor.swift */,
			);
			name = Interceptor;
			path = Interceptor;
			sourceTree = "<group>";
		};
		69BAEBEC1AE195B58FC1BA38 /* iOS */ = {
			isa = PBXGroup;
			children = (
				40AC054A559CBEC5BC780869 /* Foundation.framework */,
				8D7403A7F8DD5DCCC670B8E7 /* UIKit.framework */,
			);
			name = iOS;
			sourceTree = "<group>";
		};
		6BF47AF6F5E586C11BBCB745 /* Products */ = {
			isa = PBXGroup;
			children = (
				993D6E6EB465CC26196AF31C /* KatanaTests.xctest */,
				A17951A3B1FA41FE3DA48AA1 /* Katana.framework */,
			);
			name = Products;
			sourceTree = "<group>";
		};
		70B5C0B2C77E65B07DF80BFC /* Pods */ = {
			isa = PBXGroup;
			children = (
				D62D196223A506C6831B130D /* Pods-Katana.debug.xcconfig */,
				BE69136D2A1F1483274E6F70 /* Pods-Katana.release.xcconfig */,
				E414E1B15F5631F65B0A0BFE /* Pods-KatanaTests.debug.xcconfig */,
				224AE7C24C415186375864BE /* Pods-KatanaTests.release.xcconfig */,
			);
			name = Pods;
			sourceTree = "<group>";
		};
		7753CCBB7ED086F4281B25BA /* Frameworks */ = {
			isa = PBXGroup;
			children = (
				69BAEBEC1AE195B58FC1BA38 /* iOS */,
				7D1F2032365EFE2A289A97C7 /* Pods_Katana.framework */,
				A12FF92099C054F05634AB99 /* Pods_KatanaTests.framework */,
			);
			name = Frameworks;
			sourceTree = "<group>";
		};
		7D343DDC6705D744AE2B11E4 /* Katana */ = {
			isa = PBXGroup;
			children = (
				BEDCA7944639C813C6A49A1B /* Dispatchable.swift */,
				E13EABA33E145A3B25624C07 /* SignpostLogger.swift */,
				1DB52D7F96FC8B1436231D8D /* StateUpdater.swift */,
				1413AB8A490E1D94ABD9823C /* Legacy */,
				889DAD706A10955DC97FBDBC /* State.swift */,
				A8575EE3B78F4DC105E3B6F4 /* Promise+Katana.swift */,
				29A2E3D9AF2FA317933159B8 /* Store.swift */,
				BE8378420256B87A294FFEE8 /* SideEffect.swift */,
				260FBF19974251DF7CB465DE /* External */,
				64BB6686AA16484230CF0CF1 /* SideEffectDependencyContainer.swift */,
				3BE3DBC6CEEF2BA6E53091B6 /* Interceptor */,
				A354F7D886EB1231E7C27464 /* Types.swift */,
				71A524B9BE1AA1D68F3B73DD /* Katana.h */,
			);
			name = Katana;
			path = Katana;
			sourceTree = "<group>";
		};
		93ACE0CF9E07F920B7EE7DD4 /* Models */ = {
			isa = PBXGroup;
			children = (
				477610796DA2D11441472D3A /* LegacyActions.swift */,
				0F4A53D91FB088ADF43C553E /* LegacyDependencyContainer.swift */,
			);
			name = Models;
			path = Models;
			sourceTree = "<group>";
		};
		94AF5B3B63C1A083C529A0F1 /* ActionLinker */ = {
			isa = PBXGroup;
			children = (
				C8009B2039FE0CED32F37F14 /* LinkeableAction.swift */,
				C9D86DC4CC06EA5BF952A316 /* ActionLinker.swift */,
				4FC60353313032B7E7C50C4A /* ActionLinks.swift */,
			);
			name = ActionLinker;
			path = ActionLinker;
			sourceTree = "<group>";
		};
		A9237DE9D9C7C2F0D84A4BF1 /* Hydra */ = {
			isa = PBXGroup;
			children = (
				55890F41E3D91BE8B6C8282B /* Promise+Retry.swift */,
				55B00E0AD9B0DEB2616FB604 /* Commons.swift */,
				0A34F611268386C22413CD30 /* Promise+Pass.swift */,
				9A935A7ED804930273B54557 /* Promise+Reduce.swift */,
				3B2CAD069993624304527125 /* Promise+Recover.swift */,
				D2C1AAC451998D28D25A9D94 /* Promise+Cancel.swift */,
				FA7731197A56E380263D59A6 /* Promise+Catch.swift */,
				AEE6E7953E323665106E131B /* Promise+Async.swift */,
				11DF2BC3D567A5BD8FABC76F /* Promise+Any.swift */,
				E4834274D522FA4E05771331 /* Promise+Await.swift */,
				618456FB59CD418F7910388A /* DispatchTimerWrapper.swift */,
				47615BF41DC82D9B0D1A7037 /* Promise+Defer.swift */,
				76C612571E19B90CF12E0DAF /* Promise+Always.swift */,
				B9C334EE5BA519F862DE88B8 /* Context.swift */,
				62ED48D77672471BCBB4A403 /* Promise+Observer.swift */,
				57388D7700908D7DAB889954 /* Promise+State.swift */,
				43F1110DE8021D3C7E293AF1 /* Promise+Timeout.swift */,
				A91AB6EAE9D53DDB8E5154CA /* Promise+All.swift */,
				B903AA28A2394B0AA2C605EE /* Promise.swift */,
				37A8A9203A35E54AA7FE2F15 /* Promise+Map.swift */,
				76FA7695952C3C03EFA0E01E /* Promise+Zip.swift */,
				4BC4334E5F5A6B9C9110D70A /* Promise+Validate.swift */,
				F1F06C0534511FF7310443BE /* Promise+Then.swift */,
			);
			name = Hydra;
			path = Hydra;
			sourceTree = "<group>";
		};
		E2ADF02486A01E6FE919BFC2 /* Middleware */ = {
			isa = PBXGroup;
			children = (
				30AACD3ED29F5F99322FB607 /* ActionLogger.swift */,
				94AF5B3B63C1A083C529A0F1 /* ActionLinker */,
			);
			name = Middleware;
			path = Middleware;
			sourceTree = "<group>";
		};
		E932E66FF3B85B865578A7D1 /* Legacy */ = {
			isa = PBXGroup;
			children = (
				1E8080375F7B874A38BBEB75 /* Core */,
				93ACE0CF9E07F920B7EE7DD4 /* Models */,
			);
			name = Legacy;
			path = Legacy;
			sourceTree = "<group>";
		};
/* End PBXGroup section */

/* Begin PBXHeadersBuildPhase section */
		DEB716B6918A21647684F8D2 /* Headers */ = {
			isa = PBXHeadersBuildPhase;
			buildActionMask = 2147483647;
			files = (
				6D18348F9F11E702EC915316 /* Katana.h in Headers */,
			);
			runOnlyForDeploymentPostprocessing = 0;
		};
/* End PBXHeadersBuildPhase section */

/* Begin PBXNativeTarget section */
		76009DF05AC564628E00D8A0 /* Katana */ = {
			isa = PBXNativeTarget;
			buildConfigurationList = 8250E00500A05280B5E15416 /* Build configuration list for PBXNativeTarget "Katana" */;
			buildPhases = (
				A51AF8981B9DC8B5978D86FB /* [CP] Check Pods Manifest.lock */,
				113A245BFF0654034E170A40 /* Sources */,
				DEB716B6918A21647684F8D2 /* Headers */,
				D980E3DDC416FB29AD521DC9 /* Frameworks */,
			);
			buildRules = (
			);
			dependencies = (
			);
			name = Katana;
			productName = Katana;
			productReference = A17951A3B1FA41FE3DA48AA1 /* Katana.framework */;
			productType = "com.apple.product-type.framework";
		};
		CD9BF7706775D25207B5EB75 /* KatanaTests */ = {
			isa = PBXNativeTarget;
			buildConfigurationList = 4E4EE5B2DA9F932524F4BA57 /* Build configuration list for PBXNativeTarget "KatanaTests" */;
			buildPhases = (
				11845485BC19ACAB1B39EAC3 /* [CP] Check Pods Manifest.lock */,
				B32C24E46184D046878A779C /* Frameworks */,
				DFAADEBF2AC6A1D8080BDB91 /* Sources */,
				F2AADD3A1F16D6F752AEEAD6 /* [CP] Embed Pods Frameworks */,
			);
			buildRules = (
			);
			dependencies = (
				CE154CF04043939292FA6EB0 /* PBXTargetDependency */,
			);
			name = KatanaTests;
			productName = KatanaTests;
			productReference = 993D6E6EB465CC26196AF31C /* KatanaTests.xctest */;
			productType = "com.apple.product-type.bundle.unit-test";
		};
/* End PBXNativeTarget section */

/* Begin PBXProject section */
		7099CFB32040EE3C9A9E4C04 /* Project object */ = {
			isa = PBXProject;
			attributes = {
				LastSwiftUpdateCheck = 0930;
				LastUpgradeCheck = 0930;
			};
			buildConfigurationList = CCF3A19B0A38C04A8EA62CD2 /* Build configuration list for PBXProject "Katana" */;
			compatibilityVersion = "Xcode 3.2";
			developmentRegion = English;
			hasScannedForEncodings = 0;
			knownRegions = (
				en,
			);
			mainGroup = 2BC7E2ED80371FF8E2F6E0BC;
			productRefGroup = 6BF47AF6F5E586C11BBCB745 /* Products */;
			projectDirPath = "";
			projectRoot = "";
			targets = (
				CD9BF7706775D25207B5EB75 /* KatanaTests */,
				76009DF05AC564628E00D8A0 /* Katana */,
			);
		};
/* End PBXProject section */

/* Begin PBXShellScriptBuildPhase section */
		11845485BC19ACAB1B39EAC3 /* [CP] Check Pods Manifest.lock */ = {
			isa = PBXShellScriptBuildPhase;
			buildActionMask = 2147483647;
			files = (
			);
			inputFileListPaths = (
			);
			inputPaths = (
				"${PODS_PODFILE_DIR_PATH}/Podfile.lock",
				"${PODS_ROOT}/Manifest.lock",
			);
			name = "[CP] Check Pods Manifest.lock";
			outputFileListPaths = (
			);
			outputPaths = (
				"$(DERIVED_FILE_DIR)/Pods-KatanaTests-checkManifestLockResult.txt",
			);
			runOnlyForDeploymentPostprocessing = 0;
			shellPath = /bin/sh;
			shellScript = "diff \"${PODS_PODFILE_DIR_PATH}/Podfile.lock\" \"${PODS_ROOT}/Manifest.lock\" > /dev/null\nif [ $? != 0 ] ; then\n    # print error to STDERR\n    echo \"error: The sandbox is not in sync with the Podfile.lock. Run 'pod install' or update your CocoaPods installation.\" >&2\n    exit 1\nfi\n# This output is used by Xcode 'outputs' to avoid re-running this script phase.\necho \"SUCCESS\" > \"${SCRIPT_OUTPUT_FILE_0}\"\n";
			showEnvVarsInLog = 0;
		};
		A51AF8981B9DC8B5978D86FB /* [CP] Check Pods Manifest.lock */ = {
			isa = PBXShellScriptBuildPhase;
			buildActionMask = 2147483647;
			files = (
			);
			inputFileListPaths = (
			);
			inputPaths = (
				"${PODS_PODFILE_DIR_PATH}/Podfile.lock",
				"${PODS_ROOT}/Manifest.lock",
			);
			name = "[CP] Check Pods Manifest.lock";
			outputFileListPaths = (
			);
			outputPaths = (
				"$(DERIVED_FILE_DIR)/Pods-Katana-checkManifestLockResult.txt",
			);
			runOnlyForDeploymentPostprocessing = 0;
			shellPath = /bin/sh;
			shellScript = "diff \"${PODS_PODFILE_DIR_PATH}/Podfile.lock\" \"${PODS_ROOT}/Manifest.lock\" > /dev/null\nif [ $? != 0 ] ; then\n    # print error to STDERR\n    echo \"error: The sandbox is not in sync with the Podfile.lock. Run 'pod install' or update your CocoaPods installation.\" >&2\n    exit 1\nfi\n# This output is used by Xcode 'outputs' to avoid re-running this script phase.\necho \"SUCCESS\" > \"${SCRIPT_OUTPUT_FILE_0}\"\n";
			showEnvVarsInLog = 0;
		};
		F2AADD3A1F16D6F752AEEAD6 /* [CP] Embed Pods Frameworks */ = {
			isa = PBXShellScriptBuildPhase;
			buildActionMask = 2147483647;
			files = (
			);
			inputFileListPaths = (
			);
			inputPaths = (
				"${SRCROOT}/Pods/Target Support Files/Pods-KatanaTests/Pods-KatanaTests-frameworks.sh",
				"${BUILT_PRODUCTS_DIR}/Nimble/Nimble.framework",
				"${BUILT_PRODUCTS_DIR}/Quick/Quick.framework",
			);
			name = "[CP] Embed Pods Frameworks";
			outputFileListPaths = (
			);
			outputPaths = (
				"${TARGET_BUILD_DIR}/${FRAMEWORKS_FOLDER_PATH}/Nimble.framework",
				"${TARGET_BUILD_DIR}/${FRAMEWORKS_FOLDER_PATH}/Quick.framework",
			);
			runOnlyForDeploymentPostprocessing = 0;
			shellPath = /bin/sh;
			shellScript = "\"${SRCROOT}/Pods/Target Support Files/Pods-KatanaTests/Pods-KatanaTests-frameworks.sh\"\n";
			showEnvVarsInLog = 0;
		};
/* End PBXShellScriptBuildPhase section */

/* Begin PBXSourcesBuildPhase section */
		113A245BFF0654034E170A40 /* Sources */ = {
			isa = PBXSourcesBuildPhase;
			buildActionMask = 2147483647;
			files = (
				2F1CB7071797BECEC20C42E0 /* Dispatchable.swift in Sources */,
				36A3034298AC5581982D58CA /* SignpostLogger.swift in Sources */,
				ABCC8BF3BF69217D8B1CFCAA /* StateUpdater.swift in Sources */,
				E94FA3BCBAC61CB9727F537A /* ActionLogger.swift in Sources */,
				F53521432F25A01CE60309EC /* LinkeableAction.swift in Sources */,
				C26F99886E713CC4832A7297 /* ActionLinker.swift in Sources */,
				9BD1486252BC4EB16C377C11 /* ActionLinks.swift in Sources */,
				3C468A066F2CC300685D6F43 /* AsyncAction.swift in Sources */,
				D6E62581F4EE713AEB88766A /* Action.swift in Sources */,
				0D1654C94FA4CAE6ACF74EE0 /* ActionWithSideEffect.swift in Sources */,
				A470EA49DC3E40181D2DEE82 /* LegacyStoreTypealiases.swift in Sources */,
				49B3FE4F9FBCF2E408E38C86 /* State.swift in Sources */,
				66377B1407C5B1A2EB6EE0B8 /* Promise+Katana.swift in Sources */,
				C6BAD82C730BA266F1EA23F0 /* Store.swift in Sources */,
				084470766444C9D3A2EF11EA /* SideEffect.swift in Sources */,
				E234165920BF52B58912D221 /* Promise+Retry.swift in Sources */,
				7CC7634CA58A982D29F810BC /* Commons.swift in Sources */,
				7265A516DBD41BCC04455293 /* Promise+Pass.swift in Sources */,
				18AD407DFF8BD44450E834CC /* Promise+Reduce.swift in Sources */,
				E6890B0026C2A33742F79719 /* Promise+Recover.swift in Sources */,
				91B9C3134C1276E065DC3840 /* Promise+Cancel.swift in Sources */,
				DFA327EA3CC8490D36E81DB6 /* Promise+Catch.swift in Sources */,
				868DB10013E75C0C672EB708 /* Promise+Async.swift in Sources */,
				CCD2C6BE61861C0766B43806 /* Promise+Any.swift in Sources */,
				3FEF00F61A8157BFE47E8149 /* Promise+Await.swift in Sources */,
				026F3770B4D6D2C672D4818C /* DispatchTimerWrapper.swift in Sources */,
				2E759FF122A59010292FBF49 /* Promise+Defer.swift in Sources */,
				B6FD9C372B5A3088F36E5353 /* Promise+Always.swift in Sources */,
				9EDC8420D9544B599143876E /* Context.swift in Sources */,
				C10EAEB05535FEBCECF887E2 /* Promise+Observer.swift in Sources */,
				13A1AB2A7D09EE03785771EA /* Promise+State.swift in Sources */,
				152C878FC8BC106FBDEF05BB /* Promise+Timeout.swift in Sources */,
				721EE7886BA2A1FE0AAB9013 /* Promise+All.swift in Sources */,
				7FA5F7FA983610C4C9928750 /* Promise.swift in Sources */,
				1B5B0702731004DBFD738DEB /* Promise+Map.swift in Sources */,
				4FF3329924498A465525132D /* Promise+Zip.swift in Sources */,
				7845829538D77A2B0E074CF6 /* Promise+Validate.swift in Sources */,
				B16FA3DBC623CF2E7118E779 /* Promise+Then.swift in Sources */,
				B4CF919B63F39E296F9666DF /* SideEffectDependencyContainer.swift in Sources */,
				EA39036B18DB0EA7CB47F929 /* DispatchableLogger.swift in Sources */,
				4B23B9A2AF05C5AF1C04F70E /* ObserverInterceptor.swift in Sources */,
				C9059A64D1CEFFCD283C7850 /* Interceptor.swift in Sources */,
				82C1D4B4E11322C7E57BDB38 /* Types.swift in Sources */,
			);
			runOnlyForDeploymentPostprocessing = 0;
		};
		DFAADEBF2AC6A1D8080BDB91 /* Sources */ = {
			isa = PBXSourcesBuildPhase;
			buildActionMask = 2147483647;
			files = (
				CFB8E199652F57ECBC38E7BE /* State.swift in Sources */,
				786F1F63016147E82C553EC0 /* TestDependenciesContainer.swift in Sources */,
				17BFFF0A21D24A860E1B3773 /* StateUpdaterTests.swift in Sources */,
				9DE17853DA8E5DA910A2EB4F /* ObserverInterceptorTests.swift in Sources */,
				AAC8D52E76B1146B2EE56FE1 /* StoreInterceptorsTests.swift in Sources */,
				8FA2F177AD8C7A25DB96D24D /* LegacyMiddlewareTests.swift in Sources */,
				C92D8FD743F66288C207D352 /* LegacyActionLinkerTests.swift in Sources */,
				5EBF5420D3987639B5858B09 /* LegacySideEffectTests.swift in Sources */,
				877E46115D20EFACF82BA059 /* LegacyActionTests.swift in Sources */,
				D2D3BF7BBC3B724CFFE2299F /* LegacyStoreTests.swift in Sources */,
				2A42E9240CC28E8C6A140CEE /* LegacyActionDescriptionTests.swift in Sources */,
				A4D18BE3093495C1BCA17098 /* LegacyAsyncActionTests.swift in Sources */,
				16DEE84F9ACF7677B727102C /* LegacyActions.swift in Sources */,
				9F25DA8FFF6C7E4C10E1B9C2 /* LegacyDependencyContainer.swift in Sources */,
				E4FACB8044C1B4EC641120E0 /* SideEffectTests.swift in Sources */,
				B1B07EC4CE84ED4CFE28F0DD /* StoreTests.swift in Sources */,
			);
			runOnlyForDeploymentPostprocessing = 0;
		};
/* End PBXSourcesBuildPhase section */

/* Begin PBXTargetDependency section */
		CE154CF04043939292FA6EB0 /* PBXTargetDependency */ = {
			isa = PBXTargetDependency;
			name = Katana;
			target = 76009DF05AC564628E00D8A0 /* Katana */;
			targetProxy = 67445E554E0EDB0A8B32120C /* PBXContainerItemProxy */;
		};
/* End PBXTargetDependency section */

/* Begin XCBuildConfiguration section */
		4D35FE1543C0876C66972E62 /* Release */ = {
			isa = XCBuildConfiguration;
			buildSettings = {
				ALWAYS_SEARCH_USER_PATHS = NO;
				CLANG_ANALYZER_NONNULL = YES;
				CLANG_ANALYZER_NUMBER_OBJECT_CONVERSION = YES_AGGRESSIVE;
				CLANG_CXX_LANGUAGE_STANDARD = "gnu++14";
				CLANG_CXX_LIBRARY = "libc++";
				CLANG_ENABLE_MODULES = YES;
				CLANG_ENABLE_OBJC_ARC = YES;
				CLANG_ENABLE_OBJC_WEAK = YES;
				CLANG_WARN_BLOCK_CAPTURE_AUTORELEASING = YES;
				CLANG_WARN_BOOL_CONVERSION = YES;
				CLANG_WARN_COMMA = YES;
				CLANG_WARN_CONSTANT_CONVERSION = YES;
				CLANG_WARN_DEPRECATED_OBJC_IMPLEMENTATIONS = YES;
				CLANG_WARN_DIRECT_OBJC_ISA_USAGE = YES_ERROR;
				CLANG_WARN_DOCUMENTATION_COMMENTS = YES;
				CLANG_WARN_EMPTY_BODY = YES;
				CLANG_WARN_ENUM_CONVERSION = YES;
				CLANG_WARN_INFINITE_RECURSION = YES;
				CLANG_WARN_INT_CONVERSION = YES;
				CLANG_WARN_NON_LITERAL_NULL_CONVERSION = YES;
				CLANG_WARN_OBJC_IMPLICIT_RETAIN_SELF = YES;
				CLANG_WARN_OBJC_LITERAL_CONVERSION = YES;
				CLANG_WARN_OBJC_ROOT_CLASS = YES_ERROR;
				CLANG_WARN_RANGE_LOOP_ANALYSIS = YES;
				CLANG_WARN_STRICT_PROTOTYPES = YES;
				CLANG_WARN_SUSPICIOUS_MOVE = YES;
				CLANG_WARN_UNGUARDED_AVAILABILITY = YES_AGGRESSIVE;
				CLANG_WARN_UNREACHABLE_CODE = YES;
				CLANG_WARN__DUPLICATE_METHOD_MATCH = YES;
				COPY_PHASE_STRIP = NO;
				DEBUG_INFORMATION_FORMAT = "dwarf-with-dsym";
				ENABLE_NS_ASSERTIONS = NO;
				ENABLE_STRICT_OBJC_MSGSEND = YES;
				GCC_C_LANGUAGE_STANDARD = gnu11;
				GCC_NO_COMMON_BLOCKS = YES;
				GCC_WARN_64_TO_32_BIT_CONVERSION = YES;
				GCC_WARN_ABOUT_RETURN_TYPE = YES_ERROR;
				GCC_WARN_UNDECLARED_SELECTOR = YES;
				GCC_WARN_UNINITIALIZED_AUTOS = YES_AGGRESSIVE;
				GCC_WARN_UNUSED_FUNCTION = YES;
				GCC_WARN_UNUSED_VARIABLE = YES;
				MTL_ENABLE_DEBUG_INFO = NO;
				MTL_FAST_MATH = YES;
				PRODUCT_NAME = "$(TARGET_NAME)";
			};
			name = Release;
		};
		6BB0117949CF1D8F1B84ABCA /* Release */ = {
			isa = XCBuildConfiguration;
			baseConfigurationReference = 224AE7C24C415186375864BE /* Pods-KatanaTests.release.xcconfig */;
			buildSettings = {
				CODE_SIGN_IDENTITY = "iPhone Developer";
				INFOPLIST_FILE = KatanaTests/Info.plist;
				IPHONEOS_DEPLOYMENT_TARGET = 9.0;
				LD_RUNPATH_SEARCH_PATHS = "$(inherited) @executable_path/Frameworks @loader_path/Frameworks";
				SDKROOT = iphoneos;
				SWIFT_COMPILATION_MODE = wholemodule;
				SWIFT_OPTIMIZATION_LEVEL = "-O";
				SWIFT_VERSION = 4.2;
				VALIDATE_PRODUCT = YES;
			};
			name = Release;
		};
		717499CCD1D6ACE6EDF9793C /* Debug */ = {
			isa = XCBuildConfiguration;
			baseConfigurationReference = D62D196223A506C6831B130D /* Pods-Katana.debug.xcconfig */;
			buildSettings = {
				CODE_SIGN_IDENTITY = "";
				CURRENT_PROJECT_VERSION = 1;
				DEFINES_MODULE = YES;
				DYLIB_COMPATIBILITY_VERSION = 1;
				DYLIB_CURRENT_VERSION = 1;
				DYLIB_INSTALL_NAME_BASE = "@rpath";
				INFOPLIST_FILE = Katana/Info.plist;
				INSTALL_PATH = "$(LOCAL_LIBRARY_DIR)/Frameworks";
				IPHONEOS_DEPLOYMENT_TARGET = 9.0;
				LD_RUNPATH_SEARCH_PATHS = "$(inherited) @executable_path/Frameworks @loader_path/Frameworks";
				PRODUCT_NAME = Katana;
				SDKROOT = iphoneos;
				SKIP_INSTALL = YES;
				SWIFT_ACTIVE_COMPILATION_CONDITIONS = DEBUG;
				SWIFT_OPTIMIZATION_LEVEL = "-Onone";
				SWIFT_VERSION = 4.2;
				TARGETED_DEVICE_FAMILY = "1,2";
				VERSIONING_SYSTEM = "apple-generic";
				VERSION_INFO_PREFIX = "";
			};
			name = Debug;
		};
		A26B35ADFB81836D276EDBD9 /* Release */ = {
			isa = XCBuildConfiguration;
			baseConfigurationReference = BE69136D2A1F1483274E6F70 /* Pods-Katana.release.xcconfig */;
			buildSettings = {
				CODE_SIGN_IDENTITY = "";
				CURRENT_PROJECT_VERSION = 1;
				DEFINES_MODULE = YES;
				DYLIB_COMPATIBILITY_VERSION = 1;
				DYLIB_CURRENT_VERSION = 1;
				DYLIB_INSTALL_NAME_BASE = "@rpath";
				INFOPLIST_FILE = Katana/Info.plist;
				INSTALL_PATH = "$(LOCAL_LIBRARY_DIR)/Frameworks";
				IPHONEOS_DEPLOYMENT_TARGET = 9.0;
				LD_RUNPATH_SEARCH_PATHS = "$(inherited) @executable_path/Frameworks @loader_path/Frameworks";
				PRODUCT_NAME = Katana;
				SDKROOT = iphoneos;
				SKIP_INSTALL = YES;
				SWIFT_COMPILATION_MODE = wholemodule;
				SWIFT_OPTIMIZATION_LEVEL = "-O";
				SWIFT_VERSION = 4.2;
				TARGETED_DEVICE_FAMILY = "1,2";
				VALIDATE_PRODUCT = YES;
				VERSIONING_SYSTEM = "apple-generic";
				VERSION_INFO_PREFIX = "";
			};
			name = Release;
		};
		B58896574E3C1554E7E26346 /* Debug */ = {
			isa = XCBuildConfiguration;
			baseConfigurationReference = E414E1B15F5631F65B0A0BFE /* Pods-KatanaTests.debug.xcconfig */;
			buildSettings = {
				CODE_SIGN_IDENTITY = "iPhone Developer";
				INFOPLIST_FILE = KatanaTests/Info.plist;
				IPHONEOS_DEPLOYMENT_TARGET = 9.0;
				LD_RUNPATH_SEARCH_PATHS = "$(inherited) @executable_path/Frameworks @loader_path/Frameworks";
				SDKROOT = iphoneos;
				SWIFT_ACTIVE_COMPILATION_CONDITIONS = DEBUG;
				SWIFT_OPTIMIZATION_LEVEL = "-Onone";
				SWIFT_VERSION = 4.2;
			};
			name = Debug;
		};
		E0ED11F6429310DDD14BEB6C /* Debug */ = {
			isa = XCBuildConfiguration;
			buildSettings = {
				ALWAYS_SEARCH_USER_PATHS = NO;
				CLANG_ANALYZER_NONNULL = YES;
				CLANG_ANALYZER_NUMBER_OBJECT_CONVERSION = YES_AGGRESSIVE;
				CLANG_CXX_LANGUAGE_STANDARD = "gnu++14";
				CLANG_CXX_LIBRARY = "libc++";
				CLANG_ENABLE_MODULES = YES;
				CLANG_ENABLE_OBJC_ARC = YES;
				CLANG_ENABLE_OBJC_WEAK = YES;
				CLANG_WARN_BLOCK_CAPTURE_AUTORELEASING = YES;
				CLANG_WARN_BOOL_CONVERSION = YES;
				CLANG_WARN_COMMA = YES;
				CLANG_WARN_CONSTANT_CONVERSION = YES;
				CLANG_WARN_DEPRECATED_OBJC_IMPLEMENTATIONS = YES;
				CLANG_WARN_DIRECT_OBJC_ISA_USAGE = YES_ERROR;
				CLANG_WARN_DOCUMENTATION_COMMENTS = YES;
				CLANG_WARN_EMPTY_BODY = YES;
				CLANG_WARN_ENUM_CONVERSION = YES;
				CLANG_WARN_INFINITE_RECURSION = YES;
				CLANG_WARN_INT_CONVERSION = YES;
				CLANG_WARN_NON_LITERAL_NULL_CONVERSION = YES;
				CLANG_WARN_OBJC_IMPLICIT_RETAIN_SELF = YES;
				CLANG_WARN_OBJC_LITERAL_CONVERSION = YES;
				CLANG_WARN_OBJC_ROOT_CLASS = YES_ERROR;
				CLANG_WARN_RANGE_LOOP_ANALYSIS = YES;
				CLANG_WARN_STRICT_PROTOTYPES = YES;
				CLANG_WARN_SUSPICIOUS_MOVE = YES;
				CLANG_WARN_UNGUARDED_AVAILABILITY = YES_AGGRESSIVE;
				CLANG_WARN_UNREACHABLE_CODE = YES;
				CLANG_WARN__DUPLICATE_METHOD_MATCH = YES;
				COPY_PHASE_STRIP = NO;
				DEBUG_INFORMATION_FORMAT = dwarf;
				ENABLE_STRICT_OBJC_MSGSEND = YES;
				ENABLE_TESTABILITY = YES;
				GCC_C_LANGUAGE_STANDARD = gnu11;
				GCC_DYNAMIC_NO_PIC = NO;
				GCC_NO_COMMON_BLOCKS = YES;
				GCC_OPTIMIZATION_LEVEL = 0;
				GCC_PREPROCESSOR_DEFINITIONS = (
					"DEBUG=1",
					"$(inherited)",
				);
				GCC_WARN_64_TO_32_BIT_CONVERSION = YES;
				GCC_WARN_ABOUT_RETURN_TYPE = YES_ERROR;
				GCC_WARN_UNDECLARED_SELECTOR = YES;
				GCC_WARN_UNINITIALIZED_AUTOS = YES_AGGRESSIVE;
				GCC_WARN_UNUSED_FUNCTION = YES;
				GCC_WARN_UNUSED_VARIABLE = YES;
				MTL_ENABLE_DEBUG_INFO = INCLUDE_SOURCE;
				MTL_FAST_MATH = YES;
				ONLY_ACTIVE_ARCH = YES;
				PRODUCT_NAME = "$(TARGET_NAME)";
			};
			name = Debug;
		};
/* End XCBuildConfiguration section */

/* Begin XCConfigurationList section */
		4E4EE5B2DA9F932524F4BA57 /* Build configuration list for PBXNativeTarget "KatanaTests" */ = {
			isa = XCConfigurationList;
			buildConfigurations = (
				B58896574E3C1554E7E26346 /* Debug */,
				6BB0117949CF1D8F1B84ABCA /* Release */,
			);
			defaultConfigurationIsVisible = 0;
			defaultConfigurationName = Release;
		};
		8250E00500A05280B5E15416 /* Build configuration list for PBXNativeTarget "Katana" */ = {
			isa = XCConfigurationList;
			buildConfigurations = (
				717499CCD1D6ACE6EDF9793C /* Debug */,
				A26B35ADFB81836D276EDBD9 /* Release */,
			);
			defaultConfigurationIsVisible = 0;
			defaultConfigurationName = Release;
		};
		CCF3A19B0A38C04A8EA62CD2 /* Build configuration list for PBXProject "Katana" */ = {
			isa = XCConfigurationList;
			buildConfigurations = (
				E0ED11F6429310DDD14BEB6C /* Debug */,
				4D35FE1543C0876C66972E62 /* Release */,
			);
			defaultConfigurationIsVisible = 0;
			defaultConfigurationName = Release;
		};
/* End XCConfigurationList section */
	};
	rootObject = 7099CFB32040EE3C9A9E4C04 /* Project object */;
}
