// !$*UTF8*$!
{
	archiveVersion = "";
	classes = "";
	objectVersion = 46;
	objects = {

/* Begin PBXBuildFile section */
		127980983EE2631D20F7B339 /* UIKit.framework in Frameworks */ = {isa = PBXBuildFile; fileRef = 44D00D2878860E1B5AA64532 /* UIKit.framework */; };
		35B069AB03182F775DBCBE8E /* Actions.swift in Sources */ = {isa = PBXBuildFile; fileRef = B7815094EEE71BDC96765E0B /* Actions.swift */; };
		408514C387FD0EE757DC686E /* ActionTests.swift in Sources */ = {isa = PBXBuildFile; fileRef = 0EFEEAB8BB3D2C66D1B50C28 /* ActionTests.swift */; };
		52892F42DB57AA11348B4755 /* ActionDescriptionTests.swift in Sources */ = {isa = PBXBuildFile; fileRef = 1FED9A997E7B9F89AEC6E0FA /* ActionDescriptionTests.swift */; };
		53ADD26A7BC429F2BBADAA96 /* DependencyContainer.swift in Sources */ = {isa = PBXBuildFile; fileRef = C0759645CBBFA91ED54A1F55 /* DependencyContainer.swift */; };
		5951760806BD613E5E035C6A /* SideEffectTests.swift in Sources */ = {isa = PBXBuildFile; fileRef = DC7B0B58D1C19D7E1A664948 /* SideEffectTests.swift */; };
		5AF8749EF819779E1522EBBE /* ActionLinkerTests.swift in Sources */ = {isa = PBXBuildFile; fileRef = 199B5F6BF5C16E1DB9F37AC3 /* ActionLinkerTests.swift */; };
		66F900E7A83CCA471C783703 /* Katana.framework in Frameworks */ = {isa = PBXBuildFile; fileRef = 9605BC51A9FB6168D581BA59 /* Katana.framework */; };
		6989804FC701B8D47802BBAC /* States.swift in Sources */ = {isa = PBXBuildFile; fileRef = 521EC0E9D58D4C8F49767A8D /* States.swift */; };
		722A4EE1050CC3BF1BDD3349 /* UIKit.framework in Frameworks */ = {isa = PBXBuildFile; fileRef = 44D00D2878860E1B5AA64532 /* UIKit.framework */; };
		7C4E13FB9D7FD27B09A42847 /* AsyncActionTests.swift in Sources */ = {isa = PBXBuildFile; fileRef = 0210CABDA56263F7A448D452 /* AsyncActionTests.swift */; };
		822AF5F883DD935877F8FF57 /* StoreTests.swift in Sources */ = {isa = PBXBuildFile; fileRef = AF8138B53A3FC9F1BAD1E3BD /* StoreTests.swift */; };
		8BB2B6562E247B213EB0D488 /* MiddlewareTests.swift in Sources */ = {isa = PBXBuildFile; fileRef = 2D8FA1F8F91EEB93C32E0434 /* MiddlewareTests.swift */; };
		A575E025F97A78FF99614F77 /* Foundation.framework in Frameworks */ = {isa = PBXBuildFile; fileRef = BA5B51C34149BE56BDA76D45 /* Foundation.framework */; };
		E9AC40426619A8C324FD65FD /* Foundation.framework in Frameworks */ = {isa = PBXBuildFile; fileRef = BA5B51C34149BE56BDA76D45 /* Foundation.framework */; };
		FB05340193ECA24E1A4A622F /* Katana.h in Headers */ = {isa = PBXBuildFile; fileRef = 1EBEFC748863A78BAD960554 /* Katana.h */; settings = {ATTRIBUTES = (Public, ); }; };
		FC36057A393E301418B7CF20 /* Store.swift in Sources */ = {isa = PBXBuildFile; fileRef = BF90C3C8E710375325D0D412 /* Store.swift */; };
/* End PBXBuildFile section */

/* Begin PBXContainerItemProxy section */
		8A4415907784BF2C16AA16E5 /* PBXContainerItemProxy */ = {
			isa = PBXContainerItemProxy;
			containerPortal = 027E95AB7E8A0C115A998C6C /* Project object */;
			proxyType = 1;
			remoteGlobalIDString = C98D4CDC97E12E359B3AC560;
			remoteInfo = Katana;
		};
/* End PBXContainerItemProxy section */

/* Begin PBXFileReference section */
		0210CABDA56263F7A448D452 /* AsyncActionTests.swift */ = {isa = PBXFileReference; includeInIndex = 1; lastKnownFileType = sourcecode.swift; path = AsyncActionTests.swift; sourceTree = "<group>"; };
		0EFEEAB8BB3D2C66D1B50C28 /* ActionTests.swift */ = {isa = PBXFileReference; includeInIndex = 1; lastKnownFileType = sourcecode.swift; path = ActionTests.swift; sourceTree = "<group>"; };
		199B5F6BF5C16E1DB9F37AC3 /* ActionLinkerTests.swift */ = {isa = PBXFileReference; includeInIndex = 1; lastKnownFileType = sourcecode.swift; path = ActionLinkerTests.swift; sourceTree = "<group>"; };
		1EBEFC748863A78BAD960554 /* Katana.h */ = {isa = PBXFileReference; includeInIndex = 1; lastKnownFileType = sourcecode.c.h; path = Katana.h; sourceTree = "<group>"; };
		1FED9A997E7B9F89AEC6E0FA /* ActionDescriptionTests.swift */ = {isa = PBXFileReference; includeInIndex = 1; lastKnownFileType = sourcecode.swift; path = ActionDescriptionTests.swift; sourceTree = "<group>"; };
		2D8FA1F8F91EEB93C32E0434 /* MiddlewareTests.swift */ = {isa = PBXFileReference; includeInIndex = 1; lastKnownFileType = sourcecode.swift; path = MiddlewareTests.swift; sourceTree = "<group>"; };
		44D00D2878860E1B5AA64532 /* UIKit.framework */ = {isa = PBXFileReference; lastKnownFileType = wrapper.framework; name = UIKit.framework; path = Platforms/iPhoneOS.platform/Developer/SDKs/iPhoneOS11.3.sdk/System/Library/Frameworks/UIKit.framework; sourceTree = DEVELOPER_DIR; };
		521EC0E9D58D4C8F49767A8D /* States.swift */ = {isa = PBXFileReference; includeInIndex = 1; lastKnownFileType = sourcecode.swift; path = States.swift; sourceTree = "<group>"; };
		8F3C4B2F4C88F225D738DAD8 /* KatanaTests.xctest */ = {isa = PBXFileReference; explicitFileType = wrapper.cfbundle; includeInIndex = 0; path = KatanaTests.xctest; sourceTree = BUILT_PRODUCTS_DIR; };
		9605BC51A9FB6168D581BA59 /* Katana.framework */ = {isa = PBXFileReference; explicitFileType = wrapper.framework; includeInIndex = 0; path = Katana.framework; sourceTree = BUILT_PRODUCTS_DIR; };
		AF8138B53A3FC9F1BAD1E3BD /* StoreTests.swift */ = {isa = PBXFileReference; includeInIndex = 1; lastKnownFileType = sourcecode.swift; path = StoreTests.swift; sourceTree = "<group>"; };
		B7815094EEE71BDC96765E0B /* Actions.swift */ = {isa = PBXFileReference; includeInIndex = 1; lastKnownFileType = sourcecode.swift; path = Actions.swift; sourceTree = "<group>"; };
		BA5B51C34149BE56BDA76D45 /* Foundation.framework */ = {isa = PBXFileReference; lastKnownFileType = wrapper.framework; name = Foundation.framework; path = Platforms/iPhoneOS.platform/Developer/SDKs/iPhoneOS11.3.sdk/System/Library/Frameworks/Foundation.framework; sourceTree = DEVELOPER_DIR; };
		BF90C3C8E710375325D0D412 /* Store.swift */ = {isa = PBXFileReference; includeInIndex = 1; lastKnownFileType = sourcecode.swift; path = Store.swift; sourceTree = "<group>"; };
		C0759645CBBFA91ED54A1F55 /* DependencyContainer.swift */ = {isa = PBXFileReference; includeInIndex = 1; lastKnownFileType = sourcecode.swift; path = DependencyContainer.swift; sourceTree = "<group>"; };
		DC7B0B58D1C19D7E1A664948 /* SideEffectTests.swift */ = {isa = PBXFileReference; includeInIndex = 1; lastKnownFileType = sourcecode.swift; path = SideEffectTests.swift; sourceTree = "<group>"; };
/* End PBXFileReference section */

/* Begin PBXFrameworksBuildPhase section */
		2AB8C773C8E37F822B273B9C /* Frameworks */ = {
			isa = PBXFrameworksBuildPhase;
			buildActionMask = 2147483647;
			files = (
				E9AC40426619A8C324FD65FD /* Foundation.framework in Frameworks */,
				127980983EE2631D20F7B339 /* UIKit.framework in Frameworks */,
			);
			runOnlyForDeploymentPostprocessing = 0;
		};
		9C956C631E67FB6410E76B65 /* Frameworks */ = {
			isa = PBXFrameworksBuildPhase;
			buildActionMask = 2147483647;
			files = (
				66F900E7A83CCA471C783703 /* Katana.framework in Frameworks */,
				A575E025F97A78FF99614F77 /* Foundation.framework in Frameworks */,
				722A4EE1050CC3BF1BDD3349 /* UIKit.framework in Frameworks */,
			);
			runOnlyForDeploymentPostprocessing = 0;
		};
/* End PBXFrameworksBuildPhase section */

/* Begin PBXGroup section */
		2ADB251245E5DB74D7BC6835 /* Frameworks */ = {
			isa = PBXGroup;
			children = (
				B533C2566BAE5E43232F9B21 /* iOS */,
			);
			name = Frameworks;
			sourceTree = "<group>";
		};
		3543FE905D61744DC3AD89E0 /* Products */ = {
			isa = PBXGroup;
			children = (
				8F3C4B2F4C88F225D738DAD8 /* KatanaTests.xctest */,
				9605BC51A9FB6168D581BA59 /* Katana.framework */,
			);
			name = Products;
			sourceTree = "<group>";
		};
		3B236E5E09F57C305EBCEF77 /* KatanaTests */ = {
			isa = PBXGroup;
			children = (
				5031EB4AA855F957025C27AF /* Legacy */,
			);
			name = KatanaTests;
			path = KatanaTests;
			sourceTree = "<group>";
		};
		5031EB4AA855F957025C27AF /* Legacy */ = {
			isa = PBXGroup;
			children = (
				934C1C96C558ACF602A35E9E /* Core */,
				98DEFCC811E36C7339E0AB0B /* Models */,
			);
			name = Legacy;
			path = Legacy;
			sourceTree = "<group>";
		};
		934C1C96C558ACF602A35E9E /* Core */ = {
			isa = PBXGroup;
			children = (
				1FED9A997E7B9F89AEC6E0FA /* ActionDescriptionTests.swift */,
				0EFEEAB8BB3D2C66D1B50C28 /* ActionTests.swift */,
				0210CABDA56263F7A448D452 /* AsyncActionTests.swift */,
				2D8FA1F8F91EEB93C32E0434 /* MiddlewareTests.swift */,
				DC7B0B58D1C19D7E1A664948 /* SideEffectTests.swift */,
				199B5F6BF5C16E1DB9F37AC3 /* ActionLinkerTests.swift */,
				AF8138B53A3FC9F1BAD1E3BD /* StoreTests.swift */,
			);
			name = Core;
			path = Core;
			sourceTree = "<group>";
		};
		940AB0888A3A7AC727115B13 /* Katana */ = {
			isa = PBXGroup;
			children = (
				BF90C3C8E710375325D0D412 /* Store.swift */,
				1EBEFC748863A78BAD960554 /* Katana.h */,
			);
			name = Katana;
			path = Katana;
			sourceTree = "<group>";
		};
		979E140DD7910A7CE4DDC71E = {
			isa = PBXGroup;
			children = (
				3543FE905D61744DC3AD89E0 /* Products */,
				2ADB251245E5DB74D7BC6835 /* Frameworks */,
				3B236E5E09F57C305EBCEF77 /* KatanaTests */,
				940AB0888A3A7AC727115B13 /* Katana */,
			);
			sourceTree = "<group>";
		};
		98DEFCC811E36C7339E0AB0B /* Models */ = {
			isa = PBXGroup;
			children = (
				C0759645CBBFA91ED54A1F55 /* DependencyContainer.swift */,
				521EC0E9D58D4C8F49767A8D /* States.swift */,
				B7815094EEE71BDC96765E0B /* Actions.swift */,
			);
			name = Models;
			path = Models;
			sourceTree = "<group>";
		};
		B533C2566BAE5E43232F9B21 /* iOS */ = {
			isa = PBXGroup;
			children = (
				BA5B51C34149BE56BDA76D45 /* Foundation.framework */,
				44D00D2878860E1B5AA64532 /* UIKit.framework */,
			);
			name = iOS;
			sourceTree = "<group>";
		};
/* End PBXGroup section */

/* Begin PBXHeadersBuildPhase section */
		76DE5B1D65C77EB68886F22B /* Headers */ = {
			isa = PBXHeadersBuildPhase;
			buildActionMask = 2147483647;
			files = (
				FB05340193ECA24E1A4A622F /* Katana.h in Headers */,
			);
			runOnlyForDeploymentPostprocessing = 0;
		};
/* End PBXHeadersBuildPhase section */

/* Begin PBXNativeTarget section */
		C98D4CDC97E12E359B3AC560 /* Katana */ = {
			isa = PBXNativeTarget;
			buildConfigurationList = 2C3E3FF16D873666E1F4CAA2 /* Build configuration list for PBXNativeTarget "Katana" */;
			buildPhases = (
				2AB8C773C8E37F822B273B9C /* Frameworks */,
				48644F4BE719217DDEE0A7B1 /* Sources */,
				76DE5B1D65C77EB68886F22B /* Headers */,
			);
			buildRules = (
			);
			dependencies = (
			);
			name = Katana;
			productName = Katana;
			productReference = 9605BC51A9FB6168D581BA59 /* Katana.framework */;
			productType = "com.apple.product-type.framework";
		};
		F1EE3CE659049D8873515B2E /* KatanaTests */ = {
			isa = PBXNativeTarget;
			buildConfigurationList = 8D09903A66D815A9DE562F30 /* Build configuration list for PBXNativeTarget "KatanaTests" */;
			buildPhases = (
				9C956C631E67FB6410E76B65 /* Frameworks */,
				0E747955860871F865E02C56 /* Sources */,
			);
			buildRules = (
			);
			dependencies = (
				34E55CFBDE50625F5FE4DADA /* PBXTargetDependency */,
			);
			name = KatanaTests;
			productName = KatanaTests;
			productReference = 8F3C4B2F4C88F225D738DAD8 /* KatanaTests.xctest */;
			productType = "com.apple.product-type.bundle.unit-test";
		};
/* End PBXNativeTarget section */

/* Begin PBXProject section */
		027E95AB7E8A0C115A998C6C /* Project object */ = {
			isa = PBXProject;
			attributes = {
				LastSwiftUpdateCheck = 0930;
				LastUpgradeCheck = 0930;
			};
			buildConfigurationList = 00B75AC9BC03EE35D57EC606 /* Build configuration list for PBXProject "Katana" */;
			compatibilityVersion = "Xcode 3.2";
			developmentRegion = English;
			hasScannedForEncodings = 0;
			knownRegions = (
				en,
			);
			mainGroup = 979E140DD7910A7CE4DDC71E;
			productRefGroup = 3543FE905D61744DC3AD89E0 /* Products */;
			projectDirPath = "";
			projectRoot = "";
			targets = (
				F1EE3CE659049D8873515B2E /* KatanaTests */,
				C98D4CDC97E12E359B3AC560 /* Katana */,
			);
		};
/* End PBXProject section */

/* Begin PBXSourcesBuildPhase section */
		0E747955860871F865E02C56 /* Sources */ = {
			isa = PBXSourcesBuildPhase;
			buildActionMask = 2147483647;
			files = (
				52892F42DB57AA11348B4755 /* ActionDescriptionTests.swift in Sources */,
				408514C387FD0EE757DC686E /* ActionTests.swift in Sources */,
				7C4E13FB9D7FD27B09A42847 /* AsyncActionTests.swift in Sources */,
				8BB2B6562E247B213EB0D488 /* MiddlewareTests.swift in Sources */,
				5951760806BD613E5E035C6A /* SideEffectTests.swift in Sources */,
				5AF8749EF819779E1522EBBE /* ActionLinkerTests.swift in Sources */,
				822AF5F883DD935877F8FF57 /* StoreTests.swift in Sources */,
				53ADD26A7BC429F2BBADAA96 /* DependencyContainer.swift in Sources */,
				6989804FC701B8D47802BBAC /* States.swift in Sources */,
				35B069AB03182F775DBCBE8E /* Actions.swift in Sources */,
			);
			runOnlyForDeploymentPostprocessing = 0;
		};
		48644F4BE719217DDEE0A7B1 /* Sources */ = {
			isa = PBXSourcesBuildPhase;
			buildActionMask = 2147483647;
			files = (
				FC36057A393E301418B7CF20 /* Store.swift in Sources */,
			);
			runOnlyForDeploymentPostprocessing = 0;
		};
/* End PBXSourcesBuildPhase section */

/* Begin PBXTargetDependency section */
		34E55CFBDE50625F5FE4DADA /* PBXTargetDependency */ = {
			isa = PBXTargetDependency;
			name = Katana;
			target = C98D4CDC97E12E359B3AC560 /* Katana */;
			targetProxy = 8A4415907784BF2C16AA16E5 /* PBXContainerItemProxy */;
		};
/* End PBXTargetDependency section */

/* Begin XCBuildConfiguration section */
		3123F2CA6FD1132292B9069C /* Debug */ = {
			isa = XCBuildConfiguration;
			buildSettings = {
				ALWAYS_SEARCH_USER_PATHS = NO;
				CLANG_ANALYZER_NONNULL = YES;
				CLANG_ANALYZER_NUMBER_OBJECT_CONVERSION = YES_AGGRESSIVE;
				CLANG_CXX_LANGUAGE_STANDARD = "gnu++14";
				CLANG_CXX_LIBRARY = "libc++";
				CLANG_ENABLE_MODULES = YES;
				CLANG_ENABLE_OBJC_ARC = YES;
				CLANG_ENABLE_OBJC_WEAK = YES;
				CLANG_WARN_BLOCK_CAPTURE_AUTORELEASING = YES;
				CLANG_WARN_BOOL_CONVERSION = YES;
				CLANG_WARN_COMMA = YES;
				CLANG_WARN_CONSTANT_CONVERSION = YES;
				CLANG_WARN_DEPRECATED_OBJC_IMPLEMENTATIONS = YES;
				CLANG_WARN_DIRECT_OBJC_ISA_USAGE = YES_ERROR;
				CLANG_WARN_DOCUMENTATION_COMMENTS = YES;
				CLANG_WARN_EMPTY_BODY = YES;
				CLANG_WARN_ENUM_CONVERSION = YES;
				CLANG_WARN_INFINITE_RECURSION = YES;
				CLANG_WARN_INT_CONVERSION = YES;
				CLANG_WARN_NON_LITERAL_NULL_CONVERSION = YES;
				CLANG_WARN_OBJC_IMPLICIT_RETAIN_SELF = YES;
				CLANG_WARN_OBJC_LITERAL_CONVERSION = YES;
				CLANG_WARN_OBJC_ROOT_CLASS = YES_ERROR;
				CLANG_WARN_RANGE_LOOP_ANALYSIS = YES;
				CLANG_WARN_STRICT_PROTOTYPES = YES;
				CLANG_WARN_SUSPICIOUS_MOVE = YES;
				CLANG_WARN_UNGUARDED_AVAILABILITY = YES_AGGRESSIVE;
				CLANG_WARN_UNREACHABLE_CODE = YES;
				CLANG_WARN__DUPLICATE_METHOD_MATCH = YES;
				COPY_PHASE_STRIP = NO;
				DEBUG_INFORMATION_FORMAT = dwarf;
				ENABLE_STRICT_OBJC_MSGSEND = YES;
				ENABLE_TESTABILITY = YES;
				GCC_C_LANGUAGE_STANDARD = gnu11;
				GCC_DYNAMIC_NO_PIC = NO;
				GCC_NO_COMMON_BLOCKS = YES;
				GCC_OPTIMIZATION_LEVEL = 0;
				GCC_PREPROCESSOR_DEFINITIONS = (
					"DEBUG=1",
					"$(inherited)",
				);
				GCC_WARN_64_TO_32_BIT_CONVERSION = YES;
				GCC_WARN_ABOUT_RETURN_TYPE = YES_ERROR;
				GCC_WARN_UNDECLARED_SELECTOR = YES;
				GCC_WARN_UNINITIALIZED_AUTOS = YES_AGGRESSIVE;
				GCC_WARN_UNUSED_FUNCTION = YES;
				GCC_WARN_UNUSED_VARIABLE = YES;
				MTL_ENABLE_DEBUG_INFO = INCLUDE_SOURCE;
				MTL_FAST_MATH = YES;
				ONLY_ACTIVE_ARCH = YES;
				PRODUCT_NAME = "$(TARGET_NAME)";
			};
			name = Debug;
		};
		B24A0B55F575BAD531BF00F9 /* Release */ = {
			isa = XCBuildConfiguration;
			buildSettings = {
				CODE_SIGN_IDENTITY = "";
				CURRENT_PROJECT_VERSION = 1;
				DEFINES_MODULE = YES;
				DYLIB_COMPATIBILITY_VERSION = 1;
				DYLIB_CURRENT_VERSION = 1;
				DYLIB_INSTALL_NAME_BASE = "@rpath";
				INFOPLIST_FILE = Katana/Info.plist;
				INSTALL_PATH = "$(LOCAL_LIBRARY_DIR)/Frameworks";
				IPHONEOS_DEPLOYMENT_TARGET = 9.0;
				LD_RUNPATH_SEARCH_PATHS = "$(inherited) @executable_path/Frameworks @loader_path/Frameworks";
				PRODUCT_NAME = Katana;
				SDKROOT = iphoneos;
				SKIP_INSTALL = YES;
				SWIFT_COMPILATION_MODE = wholemodule;
				SWIFT_OPTIMIZATION_LEVEL = "-O";
				SWIFT_VERSION = 4.2;
				TARGETED_DEVICE_FAMILY = "1,2";
				VALIDATE_PRODUCT = YES;
				VERSIONING_SYSTEM = "apple-generic";
				VERSION_INFO_PREFIX = "";
			};
			name = Release;
		};
		C1B9D9502EEABAB77F4E5692 /* Release */ = {
			isa = XCBuildConfiguration;
			buildSettings = {
				CODE_SIGN_IDENTITY = "iPhone Developer";
				INFOPLIST_FILE = KatanaTests/Info.plist;
				IPHONEOS_DEPLOYMENT_TARGET = 9.0;
				LD_RUNPATH_SEARCH_PATHS = "$(inherited) @executable_path/Frameworks @loader_path/Frameworks";
				SDKROOT = iphoneos;
				SWIFT_COMPILATION_MODE = wholemodule;
				SWIFT_OPTIMIZATION_LEVEL = "-O";
				SWIFT_VERSION = 4.2;
				VALIDATE_PRODUCT = YES;
			};
			name = Release;
		};
		CBF3F3708327BE340547B947 /* Debug */ = {
			isa = XCBuildConfiguration;
			buildSettings = {
				CODE_SIGN_IDENTITY = "";
				CURRENT_PROJECT_VERSION = 1;
				DEFINES_MODULE = YES;
				DYLIB_COMPATIBILITY_VERSION = 1;
				DYLIB_CURRENT_VERSION = 1;
				DYLIB_INSTALL_NAME_BASE = "@rpath";
				INFOPLIST_FILE = Katana/Info.plist;
				INSTALL_PATH = "$(LOCAL_LIBRARY_DIR)/Frameworks";
				IPHONEOS_DEPLOYMENT_TARGET = 9.0;
				LD_RUNPATH_SEARCH_PATHS = "$(inherited) @executable_path/Frameworks @loader_path/Frameworks";
				PRODUCT_NAME = Katana;
				SDKROOT = iphoneos;
				SKIP_INSTALL = YES;
				SWIFT_ACTIVE_COMPILATION_CONDITIONS = DEBUG;
				SWIFT_OPTIMIZATION_LEVEL = "-Onone";
				SWIFT_VERSION = 4.2;
				TARGETED_DEVICE_FAMILY = "1,2";
				VERSIONING_SYSTEM = "apple-generic";
				VERSION_INFO_PREFIX = "";
			};
			name = Debug;
		};
		D07403F9E16554B6BD440BAC /* Release */ = {
			isa = XCBuildConfiguration;
			buildSettings = {
				ALWAYS_SEARCH_USER_PATHS = NO;
				CLANG_ANALYZER_NONNULL = YES;
				CLANG_ANALYZER_NUMBER_OBJECT_CONVERSION = YES_AGGRESSIVE;
				CLANG_CXX_LANGUAGE_STANDARD = "gnu++14";
				CLANG_CXX_LIBRARY = "libc++";
				CLANG_ENABLE_MODULES = YES;
				CLANG_ENABLE_OBJC_ARC = YES;
				CLANG_ENABLE_OBJC_WEAK = YES;
				CLANG_WARN_BLOCK_CAPTURE_AUTORELEASING = YES;
				CLANG_WARN_BOOL_CONVERSION = YES;
				CLANG_WARN_COMMA = YES;
				CLANG_WARN_CONSTANT_CONVERSION = YES;
				CLANG_WARN_DEPRECATED_OBJC_IMPLEMENTATIONS = YES;
				CLANG_WARN_DIRECT_OBJC_ISA_USAGE = YES_ERROR;
				CLANG_WARN_DOCUMENTATION_COMMENTS = YES;
				CLANG_WARN_EMPTY_BODY = YES;
				CLANG_WARN_ENUM_CONVERSION = YES;
				CLANG_WARN_INFINITE_RECURSION = YES;
				CLANG_WARN_INT_CONVERSION = YES;
				CLANG_WARN_NON_LITERAL_NULL_CONVERSION = YES;
				CLANG_WARN_OBJC_IMPLICIT_RETAIN_SELF = YES;
				CLANG_WARN_OBJC_LITERAL_CONVERSION = YES;
				CLANG_WARN_OBJC_ROOT_CLASS = YES_ERROR;
				CLANG_WARN_RANGE_LOOP_ANALYSIS = YES;
				CLANG_WARN_STRICT_PROTOTYPES = YES;
				CLANG_WARN_SUSPICIOUS_MOVE = YES;
				CLANG_WARN_UNGUARDED_AVAILABILITY = YES_AGGRESSIVE;
				CLANG_WARN_UNREACHABLE_CODE = YES;
				CLANG_WARN__DUPLICATE_METHOD_MATCH = YES;
				COPY_PHASE_STRIP = NO;
				DEBUG_INFORMATION_FORMAT = "dwarf-with-dsym";
				ENABLE_NS_ASSERTIONS = NO;
				ENABLE_STRICT_OBJC_MSGSEND = YES;
				GCC_C_LANGUAGE_STANDARD = gnu11;
				GCC_NO_COMMON_BLOCKS = YES;
				GCC_WARN_64_TO_32_BIT_CONVERSION = YES;
				GCC_WARN_ABOUT_RETURN_TYPE = YES_ERROR;
				GCC_WARN_UNDECLARED_SELECTOR = YES;
				GCC_WARN_UNINITIALIZED_AUTOS = YES_AGGRESSIVE;
				GCC_WARN_UNUSED_FUNCTION = YES;
				GCC_WARN_UNUSED_VARIABLE = YES;
				MTL_ENABLE_DEBUG_INFO = NO;
				MTL_FAST_MATH = YES;
				PRODUCT_NAME = "$(TARGET_NAME)";
			};
			name = Release;
		};
		F9BEFD9B472DD9C307B472D2 /* Debug */ = {
			isa = XCBuildConfiguration;
			buildSettings = {
				CODE_SIGN_IDENTITY = "iPhone Developer";
				INFOPLIST_FILE = KatanaTests/Info.plist;
				IPHONEOS_DEPLOYMENT_TARGET = 9.0;
				LD_RUNPATH_SEARCH_PATHS = "$(inherited) @executable_path/Frameworks @loader_path/Frameworks";
				SDKROOT = iphoneos;
				SWIFT_ACTIVE_COMPILATION_CONDITIONS = DEBUG;
				SWIFT_OPTIMIZATION_LEVEL = "-Onone";
				SWIFT_VERSION = 4.2;
			};
			name = Debug;
		};
/* End XCBuildConfiguration section */

/* Begin XCConfigurationList section */
		00B75AC9BC03EE35D57EC606 /* Build configuration list for PBXProject "Katana" */ = {
			isa = XCConfigurationList;
			buildConfigurations = (
				3123F2CA6FD1132292B9069C /* Debug */,
				D07403F9E16554B6BD440BAC /* Release */,
			);
			defaultConfigurationIsVisible = 0;
			defaultConfigurationName = Release;
		};
		2C3E3FF16D873666E1F4CAA2 /* Build configuration list for PBXNativeTarget "Katana" */ = {
			isa = XCConfigurationList;
			buildConfigurations = (
				CBF3F3708327BE340547B947 /* Debug */,
				B24A0B55F575BAD531BF00F9 /* Release */,
			);
			defaultConfigurationIsVisible = 0;
			defaultConfigurationName = Release;
		};
		8D09903A66D815A9DE562F30 /* Build configuration list for PBXNativeTarget "KatanaTests" */ = {
			isa = XCConfigurationList;
			buildConfigurations = (
				F9BEFD9B472DD9C307B472D2 /* Debug */,
				C1B9D9502EEABAB77F4E5692 /* Release */,
			);
			defaultConfigurationIsVisible = 0;
			defaultConfigurationName = Release;
		};
/* End XCConfigurationList section */
	};
	rootObject = 027E95AB7E8A0C115A998C6C /* Project object */;
}
