// !$*UTF8*$!
{
	archiveVersion = "";
	classes = "";
	objectVersion = 46;
	objects = {

/* Begin PBXBuildFile section */
		0BFCEE6F228EB1488BEBF5B3 /* States.swift in Sources */ = {isa = PBXBuildFile; fileRef = 0C0BC843B38513D1407C5541 /* States.swift */; };
		1304A5C3D4681800FC9CA1F6 /* Commons.swift in Sources */ = {isa = PBXBuildFile; fileRef = 9B3A8C26019AB32822BEFED5 /* Commons.swift */; };
		1B6B7B11BBDCD1C50227E396 /* Promise+Map.swift in Sources */ = {isa = PBXBuildFile; fileRef = 6B14F1E918F2CCEC6ACD006E /* Promise+Map.swift */; };
		247AE9DFAAF561DA04792EF2 /* StoreTests.swift in Sources */ = {isa = PBXBuildFile; fileRef = 316399F06C8D27FA715773BD /* StoreTests.swift */; };
		24E3977D44E50BA445FEACD0 /* ActionDescriptionTests.swift in Sources */ = {isa = PBXBuildFile; fileRef = C4055515EA4F7BC98DBECA30 /* ActionDescriptionTests.swift */; };
		2537CA434DDB7724F5BB7D53 /* Promise+Async.swift in Sources */ = {isa = PBXBuildFile; fileRef = 7FB770DFA1DBC7B3FA242312 /* Promise+Async.swift */; };
		29270EC985EFE771120ACCEB /* Promise+Defer.swift in Sources */ = {isa = PBXBuildFile; fileRef = 0764764DF27945D6841C5D8F /* Promise+Defer.swift */; };
		2AD0260B497D65F7E1B0D5D0 /* Katana.framework in Frameworks */ = {isa = PBXBuildFile; fileRef = 88BF3CBD1B4F6BAFC485AE13 /* Katana.framework */; };
		2E71F9B5C79B93EA0E1F7C64 /* Actions.swift in Sources */ = {isa = PBXBuildFile; fileRef = 4220C1C6E52509B65FD93CDC /* Actions.swift */; };
		4AE89F1F55D0836C37C46865 /* SideEffect.swift in Sources */ = {isa = PBXBuildFile; fileRef = A93420E0A722D79676F7F836 /* SideEffect.swift */; };
		4B98540EB02ABED2803F37F1 /* Promise+Reduce.swift in Sources */ = {isa = PBXBuildFile; fileRef = 7D87ED79E502EBF4CF916F2A /* Promise+Reduce.swift */; };
		50F68BB0DD258F84BC7F590E /* Promise+Pass.swift in Sources */ = {isa = PBXBuildFile; fileRef = 8E71ACDBB53CE6E8DEAA3B89 /* Promise+Pass.swift */; };
		5165AF1C13C57A360C8DB51D /* Promise+Cancel.swift in Sources */ = {isa = PBXBuildFile; fileRef = CDE160F8670171FEB49E14B5 /* Promise+Cancel.swift */; };
		519EA617444BF7DF0DC01E0C /* MiddlewareTests.swift in Sources */ = {isa = PBXBuildFile; fileRef = 567DC99EA1B847F8959B3E68 /* MiddlewareTests.swift */; };
		558849C027DA54ED2C2AD77E /* Promise+Observer.swift in Sources */ = {isa = PBXBuildFile; fileRef = 971651ED9B250DB1139939F1 /* Promise+Observer.swift */; };
		55D8B9917C29259D4490E6D2 /* Promise+Zip.swift in Sources */ = {isa = PBXBuildFile; fileRef = 3E77DBAFECAE35F60A61956F /* Promise+Zip.swift */; };
		61A1FE27875BC0A5DC6D479C /* Promise+Catch.swift in Sources */ = {isa = PBXBuildFile; fileRef = 0FAF4C8323CF2525EAE4F255 /* Promise+Catch.swift */; };
		61D0E1EA421641F9F3D9ECF0 /* ActionTests.swift in Sources */ = {isa = PBXBuildFile; fileRef = 16BDE3DA300F1320B1A5E1F8 /* ActionTests.swift */; };
		652B76D89750F6419406B219 /* StateUpdater.swift in Sources */ = {isa = PBXBuildFile; fileRef = 379CFD2812D009FD17A49C6F /* StateUpdater.swift */; };
		6C5EF74756E9D813D527F0AF /* SideEffectTests.swift in Sources */ = {isa = PBXBuildFile; fileRef = 38528924D8F25527B83ECDE1 /* SideEffectTests.swift */; };
		6C914796FD4B63FF6A7F3C2F /* Promise+Timeout.swift in Sources */ = {isa = PBXBuildFile; fileRef = CFDCEEF8468DA2F4E2A86E5E /* Promise+Timeout.swift */; };
		6CDEEC780D49E5EF01C93D88 /* Promise+Then.swift in Sources */ = {isa = PBXBuildFile; fileRef = 76F519434E26D16497A89838 /* Promise+Then.swift */; };
		6F936FE3A4F3CC4C88C8A587 /* Promise+Any.swift in Sources */ = {isa = PBXBuildFile; fileRef = BA2B94D942ABC52B9EFECFF5 /* Promise+Any.swift */; };
		78BFE183F83FA2BE5434C717 /* Promise+Await.swift in Sources */ = {isa = PBXBuildFile; fileRef = 03FD979C7DA4FD20CEC10CEB /* Promise+Await.swift */; };
		80B18E431628DA06764BF56D /* ActionLinkerTests.swift in Sources */ = {isa = PBXBuildFile; fileRef = A1074E89B4FA0332954DF64D /* ActionLinkerTests.swift */; };
		960777A5C244E277778C208F /* Foundation.framework in Frameworks */ = {isa = PBXBuildFile; fileRef = 21B80CDEB07F76FB45ABCE03 /* Foundation.framework */; };
		96FC5A7F2A22F1D110C906C1 /* Promise+Always.swift in Sources */ = {isa = PBXBuildFile; fileRef = 313165722229157E71470FAC /* Promise+Always.swift */; };
		A125D1ABC711643406D6E54A /* Promise+Recover.swift in Sources */ = {isa = PBXBuildFile; fileRef = F474382FA555D25BB93F1F57 /* Promise+Recover.swift */; };
		A419D5AB2CBB645634AD6343 /* Foundation.framework in Frameworks */ = {isa = PBXBuildFile; fileRef = 21B80CDEB07F76FB45ABCE03 /* Foundation.framework */; };
		A590FB43DBB6DFDDE98674FF /* UIKit.framework in Frameworks */ = {isa = PBXBuildFile; fileRef = 404309CA1AC84F03821C7038 /* UIKit.framework */; };
		B025CE700DB701F1CE646CC6 /* Promise.swift in Sources */ = {isa = PBXBuildFile; fileRef = 33C2CD7C331AF7BE28C1D366 /* Promise.swift */; };
		B2DB58826C34BD50C673FBF1 /* SideEffectDependencyContainer.swift in Sources */ = {isa = PBXBuildFile; fileRef = C97D6684A48C966C15818E89 /* SideEffectDependencyContainer.swift */; };
		B6B375C682CD7B9DD28B65A2 /* Promise+All.swift in Sources */ = {isa = PBXBuildFile; fileRef = 94512AE56136488EAB4383D9 /* Promise+All.swift */; };
		B8712F8972084D35E3286E59 /* UIKit.framework in Frameworks */ = {isa = PBXBuildFile; fileRef = 404309CA1AC84F03821C7038 /* UIKit.framework */; };
		B961AAF2A8B403F8A8F6985D /* DispatchTimerWrapper.swift in Sources */ = {isa = PBXBuildFile; fileRef = 7BB2D486E2F1C8158E422F22 /* DispatchTimerWrapper.swift */; };
		BAA84F0A8D4A48DDC390EE17 /* Promise+State.swift in Sources */ = {isa = PBXBuildFile; fileRef = 860A510BC2D0A1FB31F10FD8 /* Promise+State.swift */; };
		BF3C81785A86715F97350E61 /* DependencyContainer.swift in Sources */ = {isa = PBXBuildFile; fileRef = 10B6220F2DB5157248EEF40B /* DependencyContainer.swift */; };
		C020953FC65A796BE75D93FD /* State.swift in Sources */ = {isa = PBXBuildFile; fileRef = 74A29A79599F5502FF47513C /* State.swift */; };
		C59F2CCC890CD3D2D546BB40 /* Promise+Retry.swift in Sources */ = {isa = PBXBuildFile; fileRef = 44AC9EA969E05144D3354F48 /* Promise+Retry.swift */; };
		C6E4DBC4862BD5F2BE676893 /* Context.swift in Sources */ = {isa = PBXBuildFile; fileRef = 91C6E26A29FAFFDEB884DD69 /* Context.swift */; };
		C96FAA9EDC6DEFDF1E41AE8D /* AsyncActionTests.swift in Sources */ = {isa = PBXBuildFile; fileRef = 3462695950F88F8E9DC691C9 /* AsyncActionTests.swift */; };
		DAA3E0A6E52766CD99E191AE /* Promise+Validate.swift in Sources */ = {isa = PBXBuildFile; fileRef = 1A8D5A0602E0BE63FE9F823E /* Promise+Validate.swift */; };
		DAF397899B43FB68F15CA6EF /* Store.swift in Sources */ = {isa = PBXBuildFile; fileRef = FC71A902D7E5B41A643B4CD1 /* Store.swift */; };
		E96D155F37FBB478A0B7AC37 /* Katana.h in Headers */ = {isa = PBXBuildFile; fileRef = ABA46244A751F22F522D0415 /* Katana.h */; settings = {ATTRIBUTES = (Public, ); }; };
		FCC378A2039F296DF207466A /* Pods_KatanaTests.framework in Frameworks */ = {isa = PBXBuildFile; fileRef = C3E35DD25D44EEF7FE6B9EF8 /* Pods_KatanaTests.framework */; };
		FD4F01429B521B0406FCC413 /* Pods_Katana.framework in Frameworks */ = {isa = PBXBuildFile; fileRef = 5D9E918C69C96197FAD19BDE /* Pods_Katana.framework */; };
/* End PBXBuildFile section */

/* Begin PBXContainerItemProxy section */
		17787FC614298D015F5BFE36 /* PBXContainerItemProxy */ = {
			isa = PBXContainerItemProxy;
			containerPortal = F6BBFD7D24E480FC3995A8A3 /* Project object */;
			proxyType = 1;
			remoteGlobalIDString = 52A3F9B56CA600AC0A70EFDB;
			remoteInfo = Katana;
		};
/* End PBXContainerItemProxy section */

/* Begin PBXFileReference section */
		03FD979C7DA4FD20CEC10CEB /* Promise+Await.swift */ = {isa = PBXFileReference; includeInIndex = 1; lastKnownFileType = sourcecode.swift; path = "Promise+Await.swift"; sourceTree = "<group>"; };
		0764764DF27945D6841C5D8F /* Promise+Defer.swift */ = {isa = PBXFileReference; includeInIndex = 1; lastKnownFileType = sourcecode.swift; path = "Promise+Defer.swift"; sourceTree = "<group>"; };
		0C0BC843B38513D1407C5541 /* States.swift */ = {isa = PBXFileReference; includeInIndex = 1; lastKnownFileType = sourcecode.swift; path = States.swift; sourceTree = "<group>"; };
		0FAF4C8323CF2525EAE4F255 /* Promise+Catch.swift */ = {isa = PBXFileReference; includeInIndex = 1; lastKnownFileType = sourcecode.swift; path = "Promise+Catch.swift"; sourceTree = "<group>"; };
		10B6220F2DB5157248EEF40B /* DependencyContainer.swift */ = {isa = PBXFileReference; includeInIndex = 1; lastKnownFileType = sourcecode.swift; path = DependencyContainer.swift; sourceTree = "<group>"; };
		16BDE3DA300F1320B1A5E1F8 /* ActionTests.swift */ = {isa = PBXFileReference; includeInIndex = 1; lastKnownFileType = sourcecode.swift; path = ActionTests.swift; sourceTree = "<group>"; };
		1A8D5A0602E0BE63FE9F823E /* Promise+Validate.swift */ = {isa = PBXFileReference; includeInIndex = 1; lastKnownFileType = sourcecode.swift; path = "Promise+Validate.swift"; sourceTree = "<group>"; };
		21B80CDEB07F76FB45ABCE03 /* Foundation.framework */ = {isa = PBXFileReference; lastKnownFileType = wrapper.framework; name = Foundation.framework; path = Platforms/iPhoneOS.platform/Developer/SDKs/iPhoneOS11.3.sdk/System/Library/Frameworks/Foundation.framework; sourceTree = DEVELOPER_DIR; };
		313165722229157E71470FAC /* Promise+Always.swift */ = {isa = PBXFileReference; includeInIndex = 1; lastKnownFileType = sourcecode.swift; path = "Promise+Always.swift"; sourceTree = "<group>"; };
		316399F06C8D27FA715773BD /* StoreTests.swift */ = {isa = PBXFileReference; includeInIndex = 1; lastKnownFileType = sourcecode.swift; path = StoreTests.swift; sourceTree = "<group>"; };
		33C2CD7C331AF7BE28C1D366 /* Promise.swift */ = {isa = PBXFileReference; includeInIndex = 1; lastKnownFileType = sourcecode.swift; path = Promise.swift; sourceTree = "<group>"; };
		3462695950F88F8E9DC691C9 /* AsyncActionTests.swift */ = {isa = PBXFileReference; includeInIndex = 1; lastKnownFileType = sourcecode.swift; path = AsyncActionTests.swift; sourceTree = "<group>"; };
		35ED12C2D497776601B427A2 /* Pods-Katana.release.xcconfig */ = {isa = PBXFileReference; includeInIndex = 1; lastKnownFileType = text.xcconfig; name = "Pods-Katana.release.xcconfig"; path = "Pods/Target Support Files/Pods-Katana/Pods-Katana.release.xcconfig"; sourceTree = "<group>"; };
		379CFD2812D009FD17A49C6F /* StateUpdater.swift */ = {isa = PBXFileReference; includeInIndex = 1; lastKnownFileType = sourcecode.swift; path = StateUpdater.swift; sourceTree = "<group>"; };
		38528924D8F25527B83ECDE1 /* SideEffectTests.swift */ = {isa = PBXFileReference; includeInIndex = 1; lastKnownFileType = sourcecode.swift; path = SideEffectTests.swift; sourceTree = "<group>"; };
		3E77DBAFECAE35F60A61956F /* Promise+Zip.swift */ = {isa = PBXFileReference; includeInIndex = 1; lastKnownFileType = sourcecode.swift; path = "Promise+Zip.swift"; sourceTree = "<group>"; };
		404309CA1AC84F03821C7038 /* UIKit.framework */ = {isa = PBXFileReference; lastKnownFileType = wrapper.framework; name = UIKit.framework; path = Platforms/iPhoneOS.platform/Developer/SDKs/iPhoneOS11.3.sdk/System/Library/Frameworks/UIKit.framework; sourceTree = DEVELOPER_DIR; };
		4220C1C6E52509B65FD93CDC /* Actions.swift */ = {isa = PBXFileReference; includeInIndex = 1; lastKnownFileType = sourcecode.swift; path = Actions.swift; sourceTree = "<group>"; };
		44AC9EA969E05144D3354F48 /* Promise+Retry.swift */ = {isa = PBXFileReference; includeInIndex = 1; lastKnownFileType = sourcecode.swift; path = "Promise+Retry.swift"; sourceTree = "<group>"; };
		567DC99EA1B847F8959B3E68 /* MiddlewareTests.swift */ = {isa = PBXFileReference; includeInIndex = 1; lastKnownFileType = sourcecode.swift; path = MiddlewareTests.swift; sourceTree = "<group>"; };
		5D9E918C69C96197FAD19BDE /* Pods_Katana.framework */ = {isa = PBXFileReference; explicitFileType = wrapper.framework; includeInIndex = 0; path = Pods_Katana.framework; sourceTree = BUILT_PRODUCTS_DIR; };
		664C71C5E6E5863A53096642 /* Pods-KatanaTests.debug.xcconfig */ = {isa = PBXFileReference; includeInIndex = 1; lastKnownFileType = text.xcconfig; name = "Pods-KatanaTests.debug.xcconfig"; path = "Pods/Target Support Files/Pods-KatanaTests/Pods-KatanaTests.debug.xcconfig"; sourceTree = "<group>"; };
		6B14F1E918F2CCEC6ACD006E /* Promise+Map.swift */ = {isa = PBXFileReference; includeInIndex = 1; lastKnownFileType = sourcecode.swift; path = "Promise+Map.swift"; sourceTree = "<group>"; };
		74A29A79599F5502FF47513C /* State.swift */ = {isa = PBXFileReference; includeInIndex = 1; lastKnownFileType = sourcecode.swift; path = State.swift; sourceTree = "<group>"; };
		76F519434E26D16497A89838 /* Promise+Then.swift */ = {isa = PBXFileReference; includeInIndex = 1; lastKnownFileType = sourcecode.swift; path = "Promise+Then.swift"; sourceTree = "<group>"; };
		7BB2D486E2F1C8158E422F22 /* DispatchTimerWrapper.swift */ = {isa = PBXFileReference; includeInIndex = 1; lastKnownFileType = sourcecode.swift; path = DispatchTimerWrapper.swift; sourceTree = "<group>"; };
		7D87ED79E502EBF4CF916F2A /* Promise+Reduce.swift */ = {isa = PBXFileReference; includeInIndex = 1; lastKnownFileType = sourcecode.swift; path = "Promise+Reduce.swift"; sourceTree = "<group>"; };
		7FB770DFA1DBC7B3FA242312 /* Promise+Async.swift */ = {isa = PBXFileReference; includeInIndex = 1; lastKnownFileType = sourcecode.swift; path = "Promise+Async.swift"; sourceTree = "<group>"; };
		860A510BC2D0A1FB31F10FD8 /* Promise+State.swift */ = {isa = PBXFileReference; includeInIndex = 1; lastKnownFileType = sourcecode.swift; path = "Promise+State.swift"; sourceTree = "<group>"; };
		88BF3CBD1B4F6BAFC485AE13 /* Katana.framework */ = {isa = PBXFileReference; explicitFileType = wrapper.framework; includeInIndex = 0; path = Katana.framework; sourceTree = BUILT_PRODUCTS_DIR; };
		8E71ACDBB53CE6E8DEAA3B89 /* Promise+Pass.swift */ = {isa = PBXFileReference; includeInIndex = 1; lastKnownFileType = sourcecode.swift; path = "Promise+Pass.swift"; sourceTree = "<group>"; };
		91C6E26A29FAFFDEB884DD69 /* Context.swift */ = {isa = PBXFileReference; includeInIndex = 1; lastKnownFileType = sourcecode.swift; path = Context.swift; sourceTree = "<group>"; };
		94512AE56136488EAB4383D9 /* Promise+All.swift */ = {isa = PBXFileReference; includeInIndex = 1; lastKnownFileType = sourcecode.swift; path = "Promise+All.swift"; sourceTree = "<group>"; };
		971651ED9B250DB1139939F1 /* Promise+Observer.swift */ = {isa = PBXFileReference; includeInIndex = 1; lastKnownFileType = sourcecode.swift; path = "Promise+Observer.swift"; sourceTree = "<group>"; };
		9B3A8C26019AB32822BEFED5 /* Commons.swift */ = {isa = PBXFileReference; includeInIndex = 1; lastKnownFileType = sourcecode.swift; path = Commons.swift; sourceTree = "<group>"; };
		A1074E89B4FA0332954DF64D /* ActionLinkerTests.swift */ = {isa = PBXFileReference; includeInIndex = 1; lastKnownFileType = sourcecode.swift; path = ActionLinkerTests.swift; sourceTree = "<group>"; };
		A93420E0A722D79676F7F836 /* SideEffect.swift */ = {isa = PBXFileReference; includeInIndex = 1; lastKnownFileType = sourcecode.swift; path = SideEffect.swift; sourceTree = "<group>"; };
		ABA46244A751F22F522D0415 /* Katana.h */ = {isa = PBXFileReference; includeInIndex = 1; lastKnownFileType = sourcecode.c.h; path = Katana.h; sourceTree = "<group>"; };
		BA2B94D942ABC52B9EFECFF5 /* Promise+Any.swift */ = {isa = PBXFileReference; includeInIndex = 1; lastKnownFileType = sourcecode.swift; path = "Promise+Any.swift"; sourceTree = "<group>"; };
		C3E35DD25D44EEF7FE6B9EF8 /* Pods_KatanaTests.framework */ = {isa = PBXFileReference; explicitFileType = wrapper.framework; includeInIndex = 0; path = Pods_KatanaTests.framework; sourceTree = BUILT_PRODUCTS_DIR; };
		C4055515EA4F7BC98DBECA30 /* ActionDescriptionTests.swift */ = {isa = PBXFileReference; includeInIndex = 1; lastKnownFileType = sourcecode.swift; path = ActionDescriptionTests.swift; sourceTree = "<group>"; };
		C97D6684A48C966C15818E89 /* SideEffectDependencyContainer.swift */ = {isa = PBXFileReference; includeInIndex = 1; lastKnownFileType = sourcecode.swift; path = SideEffectDependencyContainer.swift; sourceTree = "<group>"; };
		CDE160F8670171FEB49E14B5 /* Promise+Cancel.swift */ = {isa = PBXFileReference; includeInIndex = 1; lastKnownFileType = sourcecode.swift; path = "Promise+Cancel.swift"; sourceTree = "<group>"; };
		CFDCEEF8468DA2F4E2A86E5E /* Promise+Timeout.swift */ = {isa = PBXFileReference; includeInIndex = 1; lastKnownFileType = sourcecode.swift; path = "Promise+Timeout.swift"; sourceTree = "<group>"; };
		D5ABEBD20BB57CF42771C03F /* Pods-Katana.debug.xcconfig */ = {isa = PBXFileReference; includeInIndex = 1; lastKnownFileType = text.xcconfig; name = "Pods-Katana.debug.xcconfig"; path = "Pods/Target Support Files/Pods-Katana/Pods-Katana.debug.xcconfig"; sourceTree = "<group>"; };
		E95ECE7F40DA8CBFB527BFEC /* Pods-KatanaTests.release.xcconfig */ = {isa = PBXFileReference; includeInIndex = 1; lastKnownFileType = text.xcconfig; name = "Pods-KatanaTests.release.xcconfig"; path = "Pods/Target Support Files/Pods-KatanaTests/Pods-KatanaTests.release.xcconfig"; sourceTree = "<group>"; };
		F474382FA555D25BB93F1F57 /* Promise+Recover.swift */ = {isa = PBXFileReference; includeInIndex = 1; lastKnownFileType = sourcecode.swift; path = "Promise+Recover.swift"; sourceTree = "<group>"; };
		FB69641C429911659DE1D0B0 /* KatanaTests.xctest */ = {isa = PBXFileReference; explicitFileType = wrapper.cfbundle; includeInIndex = 0; path = KatanaTests.xctest; sourceTree = BUILT_PRODUCTS_DIR; };
		FC71A902D7E5B41A643B4CD1 /* Store.swift */ = {isa = PBXFileReference; includeInIndex = 1; lastKnownFileType = sourcecode.swift; path = Store.swift; sourceTree = "<group>"; };
/* End PBXFileReference section */

/* Begin PBXFrameworksBuildPhase section */
		4719A2942142851973116426 /* Frameworks */ = {
			isa = PBXFrameworksBuildPhase;
			buildActionMask = 2147483647;
			files = (
				960777A5C244E277778C208F /* Foundation.framework in Frameworks */,
				A590FB43DBB6DFDDE98674FF /* UIKit.framework in Frameworks */,
				FD4F01429B521B0406FCC413 /* Pods_Katana.framework in Frameworks */,
			);
			runOnlyForDeploymentPostprocessing = 0;
		};
		4A3206AD38925EFCBB133EC4 /* Frameworks */ = {
			isa = PBXFrameworksBuildPhase;
			buildActionMask = 2147483647;
			files = (
				2AD0260B497D65F7E1B0D5D0 /* Katana.framework in Frameworks */,
				A419D5AB2CBB645634AD6343 /* Foundation.framework in Frameworks */,
				B8712F8972084D35E3286E59 /* UIKit.framework in Frameworks */,
				FCC378A2039F296DF207466A /* Pods_KatanaTests.framework in Frameworks */,
			);
			runOnlyForDeploymentPostprocessing = 0;
		};
/* End PBXFrameworksBuildPhase section */

/* Begin PBXGroup section */
		1FBD13E31F1458892656C6A6 = {
			isa = PBXGroup;
			children = (
				BF310E1D1975AEDC0BA358AD /* Products */,
				CE9775489B1773694957B8C4 /* KatanaTests */,
				4FEF1150EAAC9BC024E2C3B2 /* Katana */,
				C0AAC30EE5BDA8411C091B93 /* Frameworks */,
				939F6D0034166538DBC00813 /* Pods */,
			);
			sourceTree = "<group>";
		};
		460A629242CE399B79278CD8 /* Hydra */ = {
			isa = PBXGroup;
			children = (
				44AC9EA969E05144D3354F48 /* Promise+Retry.swift */,
				9B3A8C26019AB32822BEFED5 /* Commons.swift */,
				8E71ACDBB53CE6E8DEAA3B89 /* Promise+Pass.swift */,
				7D87ED79E502EBF4CF916F2A /* Promise+Reduce.swift */,
				F474382FA555D25BB93F1F57 /* Promise+Recover.swift */,
				CDE160F8670171FEB49E14B5 /* Promise+Cancel.swift */,
				0FAF4C8323CF2525EAE4F255 /* Promise+Catch.swift */,
				7FB770DFA1DBC7B3FA242312 /* Promise+Async.swift */,
				BA2B94D942ABC52B9EFECFF5 /* Promise+Any.swift */,
				03FD979C7DA4FD20CEC10CEB /* Promise+Await.swift */,
				7BB2D486E2F1C8158E422F22 /* DispatchTimerWrapper.swift */,
				0764764DF27945D6841C5D8F /* Promise+Defer.swift */,
				313165722229157E71470FAC /* Promise+Always.swift */,
				91C6E26A29FAFFDEB884DD69 /* Context.swift */,
				971651ED9B250DB1139939F1 /* Promise+Observer.swift */,
				860A510BC2D0A1FB31F10FD8 /* Promise+State.swift */,
				CFDCEEF8468DA2F4E2A86E5E /* Promise+Timeout.swift */,
				94512AE56136488EAB4383D9 /* Promise+All.swift */,
				33C2CD7C331AF7BE28C1D366 /* Promise.swift */,
				6B14F1E918F2CCEC6ACD006E /* Promise+Map.swift */,
				3E77DBAFECAE35F60A61956F /* Promise+Zip.swift */,
				1A8D5A0602E0BE63FE9F823E /* Promise+Validate.swift */,
				76F519434E26D16497A89838 /* Promise+Then.swift */,
			);
			name = Hydra;
			path = Hydra;
			sourceTree = "<group>";
		};
		4FEF1150EAAC9BC024E2C3B2 /* Katana */ = {
			isa = PBXGroup;
			children = (
				379CFD2812D009FD17A49C6F /* StateUpdater.swift */,
				74A29A79599F5502FF47513C /* State.swift */,
				FC71A902D7E5B41A643B4CD1 /* Store.swift */,
				A93420E0A722D79676F7F836 /* SideEffect.swift */,
				EF665FF0FEBC5C48071D4782 /* External */,
				C97D6684A48C966C15818E89 /* SideEffectDependencyContainer.swift */,
				ABA46244A751F22F522D0415 /* Katana.h */,
			);
			name = Katana;
			path = Katana;
			sourceTree = "<group>";
		};
		939F6D0034166538DBC00813 /* Pods */ = {
			isa = PBXGroup;
			children = (
				D5ABEBD20BB57CF42771C03F /* Pods-Katana.debug.xcconfig */,
				35ED12C2D497776601B427A2 /* Pods-Katana.release.xcconfig */,
				664C71C5E6E5863A53096642 /* Pods-KatanaTests.debug.xcconfig */,
				E95ECE7F40DA8CBFB527BFEC /* Pods-KatanaTests.release.xcconfig */,
			);
			name = Pods;
			sourceTree = "<group>";
		};
		BF310E1D1975AEDC0BA358AD /* Products */ = {
			isa = PBXGroup;
			children = (
				FB69641C429911659DE1D0B0 /* KatanaTests.xctest */,
				88BF3CBD1B4F6BAFC485AE13 /* Katana.framework */,
			);
			name = Products;
			sourceTree = "<group>";
		};
		C0AAC30EE5BDA8411C091B93 /* Frameworks */ = {
			isa = PBXGroup;
			children = (
				F20DCD45D7614DAB5986E9ED /* iOS */,
				5D9E918C69C96197FAD19BDE /* Pods_Katana.framework */,
				C3E35DD25D44EEF7FE6B9EF8 /* Pods_KatanaTests.framework */,
			);
			name = Frameworks;
			sourceTree = "<group>";
		};
		C9F858165C95929E0AC10609 /* Models */ = {
			isa = PBXGroup;
			children = (
				10B6220F2DB5157248EEF40B /* DependencyContainer.swift */,
				0C0BC843B38513D1407C5541 /* States.swift */,
				4220C1C6E52509B65FD93CDC /* Actions.swift */,
			);
			name = Models;
			path = Models;
			sourceTree = "<group>";
		};
		CE9775489B1773694957B8C4 /* KatanaTests */ = {
			isa = PBXGroup;
			children = (
				DEE30EFF4DD43DA9514EEF56 /* Legacy */,
			);
			name = KatanaTests;
			path = KatanaTests;
			sourceTree = "<group>";
		};
		DEE30EFF4DD43DA9514EEF56 /* Legacy */ = {
			isa = PBXGroup;
			children = (
				F2697922697754787D634DE4 /* Core */,
				C9F858165C95929E0AC10609 /* Models */,
			);
			name = Legacy;
			path = Legacy;
			sourceTree = "<group>";
		};
		EF665FF0FEBC5C48071D4782 /* External */ = {
			isa = PBXGroup;
			children = (
				460A629242CE399B79278CD8 /* Hydra */,
			);
			name = External;
			path = External;
			sourceTree = "<group>";
		};
		F20DCD45D7614DAB5986E9ED /* iOS */ = {
			isa = PBXGroup;
			children = (
				21B80CDEB07F76FB45ABCE03 /* Foundation.framework */,
				404309CA1AC84F03821C7038 /* UIKit.framework */,
			);
			name = iOS;
			sourceTree = "<group>";
		};
		F2697922697754787D634DE4 /* Core */ = {
			isa = PBXGroup;
			children = (
				C4055515EA4F7BC98DBECA30 /* ActionDescriptionTests.swift */,
				16BDE3DA300F1320B1A5E1F8 /* ActionTests.swift */,
				3462695950F88F8E9DC691C9 /* AsyncActionTests.swift */,
				567DC99EA1B847F8959B3E68 /* MiddlewareTests.swift */,
				38528924D8F25527B83ECDE1 /* SideEffectTests.swift */,
				A1074E89B4FA0332954DF64D /* ActionLinkerTests.swift */,
				316399F06C8D27FA715773BD /* StoreTests.swift */,
			);
			name = Core;
			path = Core;
			sourceTree = "<group>";
		};
/* End PBXGroup section */

/* Begin PBXHeadersBuildPhase section */
		765A76A3ED561FA462196FAA /* Headers */ = {
			isa = PBXHeadersBuildPhase;
			buildActionMask = 2147483647;
			files = (
				E96D155F37FBB478A0B7AC37 /* Katana.h in Headers */,
			);
			runOnlyForDeploymentPostprocessing = 0;
		};
/* End PBXHeadersBuildPhase section */

/* Begin PBXNativeTarget section */
		52A3F9B56CA600AC0A70EFDB /* Katana */ = {
			isa = PBXNativeTarget;
			buildConfigurationList = E2DB87CAC203DF0F755C86A6 /* Build configuration list for PBXNativeTarget "Katana" */;
			buildPhases = (
				2610ACE85C1C9EF22DEE4DE1 /* [CP] Check Pods Manifest.lock */,
				B2B4EAFE68426090BBBA1DA2 /* Sources */,
				4719A2942142851973116426 /* Frameworks */,
				765A76A3ED561FA462196FAA /* Headers */,
			);
			buildRules = (
			);
			dependencies = (
			);
			name = Katana;
			productName = Katana;
			productReference = 88BF3CBD1B4F6BAFC485AE13 /* Katana.framework */;
			productType = "com.apple.product-type.framework";
		};
		9DC0D573038148368516B99A /* KatanaTests */ = {
			isa = PBXNativeTarget;
			buildConfigurationList = B004282D4E8DCAB75E301031 /* Build configuration list for PBXNativeTarget "KatanaTests" */;
			buildPhases = (
				91A90E5862E4F5BF2641F92D /* [CP] Check Pods Manifest.lock */,
				8CC3E90A18291360CC22E9EE /* Sources */,
				4A3206AD38925EFCBB133EC4 /* Frameworks */,
				294E19261569688E598F4EBD /* [CP] Embed Pods Frameworks */,
			);
			buildRules = (
			);
			dependencies = (
				57F181FD50E97D1120CC85EF /* PBXTargetDependency */,
			);
			name = KatanaTests;
			productName = KatanaTests;
			productReference = FB69641C429911659DE1D0B0 /* KatanaTests.xctest */;
			productType = "com.apple.product-type.bundle.unit-test";
		};
/* End PBXNativeTarget section */

/* Begin PBXProject section */
		F6BBFD7D24E480FC3995A8A3 /* Project object */ = {
			isa = PBXProject;
			attributes = {
				LastSwiftUpdateCheck = 0930;
				LastUpgradeCheck = 0930;
			};
			buildConfigurationList = 4A7FF081F463C4D6994B60BF /* Build configuration list for PBXProject "Katana" */;
			compatibilityVersion = "Xcode 3.2";
			developmentRegion = English;
			hasScannedForEncodings = 0;
			knownRegions = (
				en,
			);
			mainGroup = 1FBD13E31F1458892656C6A6;
			productRefGroup = BF310E1D1975AEDC0BA358AD /* Products */;
			projectDirPath = "";
			projectRoot = "";
			targets = (
				9DC0D573038148368516B99A /* KatanaTests */,
				52A3F9B56CA600AC0A70EFDB /* Katana */,
			);
		};
/* End PBXProject section */

/* Begin PBXShellScriptBuildPhase section */
		2610ACE85C1C9EF22DEE4DE1 /* [CP] Check Pods Manifest.lock */ = {
			isa = PBXShellScriptBuildPhase;
			buildActionMask = 2147483647;
			files = (
			);
			inputFileListPaths = (
			);
			inputPaths = (
				"${PODS_PODFILE_DIR_PATH}/Podfile.lock",
				"${PODS_ROOT}/Manifest.lock",
			);
			name = "[CP] Check Pods Manifest.lock";
			outputFileListPaths = (
			);
			outputPaths = (
				"$(DERIVED_FILE_DIR)/Pods-Katana-checkManifestLockResult.txt",
			);
			runOnlyForDeploymentPostprocessing = 0;
			shellPath = /bin/sh;
			shellScript = "diff \"${PODS_PODFILE_DIR_PATH}/Podfile.lock\" \"${PODS_ROOT}/Manifest.lock\" > /dev/null\nif [ $? != 0 ] ; then\n    # print error to STDERR\n    echo \"error: The sandbox is not in sync with the Podfile.lock. Run 'pod install' or update your CocoaPods installation.\" >&2\n    exit 1\nfi\n# This output is used by Xcode 'outputs' to avoid re-running this script phase.\necho \"SUCCESS\" > \"${SCRIPT_OUTPUT_FILE_0}\"\n";
			showEnvVarsInLog = 0;
		};
		294E19261569688E598F4EBD /* [CP] Embed Pods Frameworks */ = {
			isa = PBXShellScriptBuildPhase;
			buildActionMask = 2147483647;
			files = (
			);
			inputFileListPaths = (
			);
			inputPaths = (
				"${SRCROOT}/Pods/Target Support Files/Pods-KatanaTests/Pods-KatanaTests-frameworks.sh",
				"${BUILT_PRODUCTS_DIR}/Nimble/Nimble.framework",
				"${BUILT_PRODUCTS_DIR}/Quick/Quick.framework",
			);
			name = "[CP] Embed Pods Frameworks";
			outputFileListPaths = (
			);
			outputPaths = (
				"${TARGET_BUILD_DIR}/${FRAMEWORKS_FOLDER_PATH}/Nimble.framework",
				"${TARGET_BUILD_DIR}/${FRAMEWORKS_FOLDER_PATH}/Quick.framework",
			);
			runOnlyForDeploymentPostprocessing = 0;
			shellPath = /bin/sh;
			shellScript = "\"${SRCROOT}/Pods/Target Support Files/Pods-KatanaTests/Pods-KatanaTests-frameworks.sh\"\n";
			showEnvVarsInLog = 0;
		};
		91A90E5862E4F5BF2641F92D /* [CP] Check Pods Manifest.lock */ = {
			isa = PBXShellScriptBuildPhase;
			buildActionMask = 2147483647;
			files = (
			);
			inputFileListPaths = (
			);
			inputPaths = (
				"${PODS_PODFILE_DIR_PATH}/Podfile.lock",
				"${PODS_ROOT}/Manifest.lock",
			);
			name = "[CP] Check Pods Manifest.lock";
			outputFileListPaths = (
			);
			outputPaths = (
				"$(DERIVED_FILE_DIR)/Pods-KatanaTests-checkManifestLockResult.txt",
			);
			runOnlyForDeploymentPostprocessing = 0;
			shellPath = /bin/sh;
			shellScript = "diff \"${PODS_PODFILE_DIR_PATH}/Podfile.lock\" \"${PODS_ROOT}/Manifest.lock\" > /dev/null\nif [ $? != 0 ] ; then\n    # print error to STDERR\n    echo \"error: The sandbox is not in sync with the Podfile.lock. Run 'pod install' or update your CocoaPods installation.\" >&2\n    exit 1\nfi\n# This output is used by Xcode 'outputs' to avoid re-running this script phase.\necho \"SUCCESS\" > \"${SCRIPT_OUTPUT_FILE_0}\"\n";
			showEnvVarsInLog = 0;
		};
/* End PBXShellScriptBuildPhase section */

/* Begin PBXSourcesBuildPhase section */
		8CC3E90A18291360CC22E9EE /* Sources */ = {
			isa = PBXSourcesBuildPhase;
			buildActionMask = 2147483647;
			files = (
				24E3977D44E50BA445FEACD0 /* ActionDescriptionTests.swift in Sources */,
				61D0E1EA421641F9F3D9ECF0 /* ActionTests.swift in Sources */,
				C96FAA9EDC6DEFDF1E41AE8D /* AsyncActionTests.swift in Sources */,
				519EA617444BF7DF0DC01E0C /* MiddlewareTests.swift in Sources */,
				6C5EF74756E9D813D527F0AF /* SideEffectTests.swift in Sources */,
				80B18E431628DA06764BF56D /* ActionLinkerTests.swift in Sources */,
				247AE9DFAAF561DA04792EF2 /* StoreTests.swift in Sources */,
				BF3C81785A86715F97350E61 /* DependencyContainer.swift in Sources */,
				0BFCEE6F228EB1488BEBF5B3 /* States.swift in Sources */,
				2E71F9B5C79B93EA0E1F7C64 /* Actions.swift in Sources */,
			);
			runOnlyForDeploymentPostprocessing = 0;
		};
		B2B4EAFE68426090BBBA1DA2 /* Sources */ = {
			isa = PBXSourcesBuildPhase;
			buildActionMask = 2147483647;
			files = (
				652B76D89750F6419406B219 /* StateUpdater.swift in Sources */,
				C020953FC65A796BE75D93FD /* State.swift in Sources */,
				DAF397899B43FB68F15CA6EF /* Store.swift in Sources */,
				4AE89F1F55D0836C37C46865 /* SideEffect.swift in Sources */,
				C59F2CCC890CD3D2D546BB40 /* Promise+Retry.swift in Sources */,
				1304A5C3D4681800FC9CA1F6 /* Commons.swift in Sources */,
				50F68BB0DD258F84BC7F590E /* Promise+Pass.swift in Sources */,
				4B98540EB02ABED2803F37F1 /* Promise+Reduce.swift in Sources */,
				A125D1ABC711643406D6E54A /* Promise+Recover.swift in Sources */,
				5165AF1C13C57A360C8DB51D /* Promise+Cancel.swift in Sources */,
				61A1FE27875BC0A5DC6D479C /* Promise+Catch.swift in Sources */,
				2537CA434DDB7724F5BB7D53 /* Promise+Async.swift in Sources */,
				6F936FE3A4F3CC4C88C8A587 /* Promise+Any.swift in Sources */,
				78BFE183F83FA2BE5434C717 /* Promise+Await.swift in Sources */,
				B961AAF2A8B403F8A8F6985D /* DispatchTimerWrapper.swift in Sources */,
				29270EC985EFE771120ACCEB /* Promise+Defer.swift in Sources */,
				96FC5A7F2A22F1D110C906C1 /* Promise+Always.swift in Sources */,
				C6E4DBC4862BD5F2BE676893 /* Context.swift in Sources */,
				558849C027DA54ED2C2AD77E /* Promise+Observer.swift in Sources */,
				BAA84F0A8D4A48DDC390EE17 /* Promise+State.swift in Sources */,
				6C914796FD4B63FF6A7F3C2F /* Promise+Timeout.swift in Sources */,
				B6B375C682CD7B9DD28B65A2 /* Promise+All.swift in Sources */,
				B025CE700DB701F1CE646CC6 /* Promise.swift in Sources */,
				1B6B7B11BBDCD1C50227E396 /* Promise+Map.swift in Sources */,
				55D8B9917C29259D4490E6D2 /* Promise+Zip.swift in Sources */,
				DAA3E0A6E52766CD99E191AE /* Promise+Validate.swift in Sources */,
				6CDEEC780D49E5EF01C93D88 /* Promise+Then.swift in Sources */,
				B2DB58826C34BD50C673FBF1 /* SideEffectDependencyContainer.swift in Sources */,
			);
			runOnlyForDeploymentPostprocessing = 0;
		};
/* End PBXSourcesBuildPhase section */

/* Begin PBXTargetDependency section */
		57F181FD50E97D1120CC85EF /* PBXTargetDependency */ = {
			isa = PBXTargetDependency;
			name = Katana;
			target = 52A3F9B56CA600AC0A70EFDB /* Katana */;
			targetProxy = 17787FC614298D015F5BFE36 /* PBXContainerItemProxy */;
		};
/* End PBXTargetDependency section */

/* Begin XCBuildConfiguration section */
		0D97AFCCCADC961A040B9D9B /* Release */ = {
			isa = XCBuildConfiguration;
			baseConfigurationReference = 35ED12C2D497776601B427A2 /* Pods-Katana.release.xcconfig */;
			buildSettings = {
				CODE_SIGN_IDENTITY = "";
				CURRENT_PROJECT_VERSION = 1;
				DEFINES_MODULE = YES;
				DYLIB_COMPATIBILITY_VERSION = 1;
				DYLIB_CURRENT_VERSION = 1;
				DYLIB_INSTALL_NAME_BASE = "@rpath";
				INFOPLIST_FILE = Katana/Info.plist;
				INSTALL_PATH = "$(LOCAL_LIBRARY_DIR)/Frameworks";
				IPHONEOS_DEPLOYMENT_TARGET = 9.0;
				LD_RUNPATH_SEARCH_PATHS = "$(inherited) @executable_path/Frameworks @loader_path/Frameworks";
				PRODUCT_NAME = Katana;
				SDKROOT = iphoneos;
				SKIP_INSTALL = YES;
				SWIFT_COMPILATION_MODE = wholemodule;
				SWIFT_OPTIMIZATION_LEVEL = "-O";
				SWIFT_VERSION = 4.2;
				TARGETED_DEVICE_FAMILY = "1,2";
				VALIDATE_PRODUCT = YES;
				VERSIONING_SYSTEM = "apple-generic";
				VERSION_INFO_PREFIX = "";
			};
			name = Release;
		};
		151B3EE5310D2DF041E8B706 /* Release */ = {
			isa = XCBuildConfiguration;
			buildSettings = {
				ALWAYS_SEARCH_USER_PATHS = NO;
				CLANG_ANALYZER_NONNULL = YES;
				CLANG_ANALYZER_NUMBER_OBJECT_CONVERSION = YES_AGGRESSIVE;
				CLANG_CXX_LANGUAGE_STANDARD = "gnu++14";
				CLANG_CXX_LIBRARY = "libc++";
				CLANG_ENABLE_MODULES = YES;
				CLANG_ENABLE_OBJC_ARC = YES;
				CLANG_ENABLE_OBJC_WEAK = YES;
				CLANG_WARN_BLOCK_CAPTURE_AUTORELEASING = YES;
				CLANG_WARN_BOOL_CONVERSION = YES;
				CLANG_WARN_COMMA = YES;
				CLANG_WARN_CONSTANT_CONVERSION = YES;
				CLANG_WARN_DEPRECATED_OBJC_IMPLEMENTATIONS = YES;
				CLANG_WARN_DIRECT_OBJC_ISA_USAGE = YES_ERROR;
				CLANG_WARN_DOCUMENTATION_COMMENTS = YES;
				CLANG_WARN_EMPTY_BODY = YES;
				CLANG_WARN_ENUM_CONVERSION = YES;
				CLANG_WARN_INFINITE_RECURSION = YES;
				CLANG_WARN_INT_CONVERSION = YES;
				CLANG_WARN_NON_LITERAL_NULL_CONVERSION = YES;
				CLANG_WARN_OBJC_IMPLICIT_RETAIN_SELF = YES;
				CLANG_WARN_OBJC_LITERAL_CONVERSION = YES;
				CLANG_WARN_OBJC_ROOT_CLASS = YES_ERROR;
				CLANG_WARN_RANGE_LOOP_ANALYSIS = YES;
				CLANG_WARN_STRICT_PROTOTYPES = YES;
				CLANG_WARN_SUSPICIOUS_MOVE = YES;
				CLANG_WARN_UNGUARDED_AVAILABILITY = YES_AGGRESSIVE;
				CLANG_WARN_UNREACHABLE_CODE = YES;
				CLANG_WARN__DUPLICATE_METHOD_MATCH = YES;
				COPY_PHASE_STRIP = NO;
				DEBUG_INFORMATION_FORMAT = "dwarf-with-dsym";
				ENABLE_NS_ASSERTIONS = NO;
				ENABLE_STRICT_OBJC_MSGSEND = YES;
				GCC_C_LANGUAGE_STANDARD = gnu11;
				GCC_NO_COMMON_BLOCKS = YES;
				GCC_WARN_64_TO_32_BIT_CONVERSION = YES;
				GCC_WARN_ABOUT_RETURN_TYPE = YES_ERROR;
				GCC_WARN_UNDECLARED_SELECTOR = YES;
				GCC_WARN_UNINITIALIZED_AUTOS = YES_AGGRESSIVE;
				GCC_WARN_UNUSED_FUNCTION = YES;
				GCC_WARN_UNUSED_VARIABLE = YES;
				MTL_ENABLE_DEBUG_INFO = NO;
				MTL_FAST_MATH = YES;
				PRODUCT_NAME = "$(TARGET_NAME)";
			};
			name = Release;
		};
		62ED4AFDF22B2DC5869A02A8 /* Debug */ = {
			isa = XCBuildConfiguration;
			baseConfigurationReference = 664C71C5E6E5863A53096642 /* Pods-KatanaTests.debug.xcconfig */;
			buildSettings = {
				CODE_SIGN_IDENTITY = "iPhone Developer";
				INFOPLIST_FILE = KatanaTests/Info.plist;
				IPHONEOS_DEPLOYMENT_TARGET = 9.0;
				LD_RUNPATH_SEARCH_PATHS = "$(inherited) @executable_path/Frameworks @loader_path/Frameworks";
				SDKROOT = iphoneos;
				SWIFT_ACTIVE_COMPILATION_CONDITIONS = DEBUG;
				SWIFT_OPTIMIZATION_LEVEL = "-Onone";
				SWIFT_VERSION = 4.2;
			};
			name = Debug;
		};
		B5B6048F8E29C12A90A6ECB9 /* Debug */ = {
			isa = XCBuildConfiguration;
			baseConfigurationReference = D5ABEBD20BB57CF42771C03F /* Pods-Katana.debug.xcconfig */;
			buildSettings = {
				CODE_SIGN_IDENTITY = "";
				CURRENT_PROJECT_VERSION = 1;
				DEFINES_MODULE = YES;
				DYLIB_COMPATIBILITY_VERSION = 1;
				DYLIB_CURRENT_VERSION = 1;
				DYLIB_INSTALL_NAME_BASE = "@rpath";
				INFOPLIST_FILE = Katana/Info.plist;
				INSTALL_PATH = "$(LOCAL_LIBRARY_DIR)/Frameworks";
				IPHONEOS_DEPLOYMENT_TARGET = 9.0;
				LD_RUNPATH_SEARCH_PATHS = "$(inherited) @executable_path/Frameworks @loader_path/Frameworks";
				PRODUCT_NAME = Katana;
				SDKROOT = iphoneos;
				SKIP_INSTALL = YES;
				SWIFT_ACTIVE_COMPILATION_CONDITIONS = DEBUG;
				SWIFT_OPTIMIZATION_LEVEL = "-Onone";
				SWIFT_VERSION = 4.2;
				TARGETED_DEVICE_FAMILY = "1,2";
				VERSIONING_SYSTEM = "apple-generic";
				VERSION_INFO_PREFIX = "";
			};
			name = Debug;
		};
		DB735CFFAC20ADA3962286A6 /* Debug */ = {
			isa = XCBuildConfiguration;
			buildSettings = {
				ALWAYS_SEARCH_USER_PATHS = NO;
				CLANG_ANALYZER_NONNULL = YES;
				CLANG_ANALYZER_NUMBER_OBJECT_CONVERSION = YES_AGGRESSIVE;
				CLANG_CXX_LANGUAGE_STANDARD = "gnu++14";
				CLANG_CXX_LIBRARY = "libc++";
				CLANG_ENABLE_MODULES = YES;
				CLANG_ENABLE_OBJC_ARC = YES;
				CLANG_ENABLE_OBJC_WEAK = YES;
				CLANG_WARN_BLOCK_CAPTURE_AUTORELEASING = YES;
				CLANG_WARN_BOOL_CONVERSION = YES;
				CLANG_WARN_COMMA = YES;
				CLANG_WARN_CONSTANT_CONVERSION = YES;
				CLANG_WARN_DEPRECATED_OBJC_IMPLEMENTATIONS = YES;
				CLANG_WARN_DIRECT_OBJC_ISA_USAGE = YES_ERROR;
				CLANG_WARN_DOCUMENTATION_COMMENTS = YES;
				CLANG_WARN_EMPTY_BODY = YES;
				CLANG_WARN_ENUM_CONVERSION = YES;
				CLANG_WARN_INFINITE_RECURSION = YES;
				CLANG_WARN_INT_CONVERSION = YES;
				CLANG_WARN_NON_LITERAL_NULL_CONVERSION = YES;
				CLANG_WARN_OBJC_IMPLICIT_RETAIN_SELF = YES;
				CLANG_WARN_OBJC_LITERAL_CONVERSION = YES;
				CLANG_WARN_OBJC_ROOT_CLASS = YES_ERROR;
				CLANG_WARN_RANGE_LOOP_ANALYSIS = YES;
				CLANG_WARN_STRICT_PROTOTYPES = YES;
				CLANG_WARN_SUSPICIOUS_MOVE = YES;
				CLANG_WARN_UNGUARDED_AVAILABILITY = YES_AGGRESSIVE;
				CLANG_WARN_UNREACHABLE_CODE = YES;
				CLANG_WARN__DUPLICATE_METHOD_MATCH = YES;
				COPY_PHASE_STRIP = NO;
				DEBUG_INFORMATION_FORMAT = dwarf;
				ENABLE_STRICT_OBJC_MSGSEND = YES;
				ENABLE_TESTABILITY = YES;
				GCC_C_LANGUAGE_STANDARD = gnu11;
				GCC_DYNAMIC_NO_PIC = NO;
				GCC_NO_COMMON_BLOCKS = YES;
				GCC_OPTIMIZATION_LEVEL = 0;
				GCC_PREPROCESSOR_DEFINITIONS = (
					"DEBUG=1",
					"$(inherited)",
				);
				GCC_WARN_64_TO_32_BIT_CONVERSION = YES;
				GCC_WARN_ABOUT_RETURN_TYPE = YES_ERROR;
				GCC_WARN_UNDECLARED_SELECTOR = YES;
				GCC_WARN_UNINITIALIZED_AUTOS = YES_AGGRESSIVE;
				GCC_WARN_UNUSED_FUNCTION = YES;
				GCC_WARN_UNUSED_VARIABLE = YES;
				MTL_ENABLE_DEBUG_INFO = INCLUDE_SOURCE;
				MTL_FAST_MATH = YES;
				ONLY_ACTIVE_ARCH = YES;
				PRODUCT_NAME = "$(TARGET_NAME)";
			};
			name = Debug;
		};
		DF9BE2716D6A71A42D293402 /* Release */ = {
			isa = XCBuildConfiguration;
			baseConfigurationReference = E95ECE7F40DA8CBFB527BFEC /* Pods-KatanaTests.release.xcconfig */;
			buildSettings = {
				CODE_SIGN_IDENTITY = "iPhone Developer";
				INFOPLIST_FILE = KatanaTests/Info.plist;
				IPHONEOS_DEPLOYMENT_TARGET = 9.0;
				LD_RUNPATH_SEARCH_PATHS = "$(inherited) @executable_path/Frameworks @loader_path/Frameworks";
				SDKROOT = iphoneos;
				SWIFT_COMPILATION_MODE = wholemodule;
				SWIFT_OPTIMIZATION_LEVEL = "-O";
				SWIFT_VERSION = 4.2;
				VALIDATE_PRODUCT = YES;
			};
			name = Release;
		};
/* End XCBuildConfiguration section */

/* Begin XCConfigurationList section */
		4A7FF081F463C4D6994B60BF /* Build configuration list for PBXProject "Katana" */ = {
			isa = XCConfigurationList;
			buildConfigurations = (
				DB735CFFAC20ADA3962286A6 /* Debug */,
				151B3EE5310D2DF041E8B706 /* Release */,
			);
			defaultConfigurationIsVisible = 0;
			defaultConfigurationName = Release;
		};
		B004282D4E8DCAB75E301031 /* Build configuration list for PBXNativeTarget "KatanaTests" */ = {
			isa = XCConfigurationList;
			buildConfigurations = (
				62ED4AFDF22B2DC5869A02A8 /* Debug */,
				DF9BE2716D6A71A42D293402 /* Release */,
			);
			defaultConfigurationIsVisible = 0;
			defaultConfigurationName = Release;
		};
		E2DB87CAC203DF0F755C86A6 /* Build configuration list for PBXNativeTarget "Katana" */ = {
			isa = XCConfigurationList;
			buildConfigurations = (
				B5B6048F8E29C12A90A6ECB9 /* Debug */,
				0D97AFCCCADC961A040B9D9B /* Release */,
			);
			defaultConfigurationIsVisible = 0;
			defaultConfigurationName = Release;
		};
/* End XCConfigurationList section */
	};
	rootObject = F6BBFD7D24E480FC3995A8A3 /* Project object */;
}
