// !$*UTF8*$!
{
	archiveVersion = 1;
	classes = {
	};
	objectVersion = 46;
	objects = {

/* Begin PBXBuildFile section */
		6591515D1DD5BDAA003800C4 /* Assets.xcassets in Resources */ = {isa = PBXBuildFile; fileRef = 6591515C1DD5BDAA003800C4 /* Assets.xcassets */; };
		659151601DD5BDAA003800C4 /* LaunchScreen.storyboard in Resources */ = {isa = PBXBuildFile; fileRef = 6591515E1DD5BDAA003800C4 /* LaunchScreen.storyboard */; };
		659151681DD5BF79003800C4 /* .swiftlint.yml in Resources */ = {isa = PBXBuildFile; fileRef = 659151671DD5BF79003800C4 /* .swiftlint.yml */; };
		65CAC5C51DD8F14300395FE1 /* AppDelegate.swift in Sources */ = {isa = PBXBuildFile; fileRef = 659151551DD5BDAA003800C4 /* AppDelegate.swift */; };
		65CAC5DC1DD8F2FE00395FE1 /* MinesweeperState.swift in Sources */ = {isa = PBXBuildFile; fileRef = 65A8C5781DD6056300AB58F9 /* MinesweeperState.swift */; };
		65CAC5DD1DD8F2FE00395FE1 /* StartGame.swift in Sources */ = {isa = PBXBuildFile; fileRef = 65CAC59F1DD610B600395FE1 /* StartGame.swift */; };
		65CAC5DE1DD8F2FE00395FE1 /* DiscloseCell.swift in Sources */ = {isa = PBXBuildFile; fileRef = 65A8C5721DD6048300AB58F9 /* DiscloseCell.swift */; };
		65CAC5DF1DD8F2FE00395FE1 /* Minesweeper.swift in Sources */ = {isa = PBXBuildFile; fileRef = 65CAC5A31DD6115800395FE1 /* Minesweeper.swift */; };
		65CAC5E01DD8F2FE00395FE1 /* MinesweeperGrid.swift in Sources */ = {isa = PBXBuildFile; fileRef = 65CAC5A71DD6118700395FE1 /* MinesweeperGrid.swift */; };
		65CAC5E11DD8F2FE00395FE1 /* MinesweeperCell.swift in Sources */ = {isa = PBXBuildFile; fileRef = 65CAC5A51DD6117A00395FE1 /* MinesweeperCell.swift */; };
		65D405621DD9ED2100AED19E /* Random.swift in Sources */ = {isa = PBXBuildFile; fileRef = 65D405611DD9ED2100AED19E /* Random.swift */; };
		65D405641DD9EF9200AED19E /* MinesweeperSyncAction.swift in Sources */ = {isa = PBXBuildFile; fileRef = 65D405631DD9EF9200AED19E /* MinesweeperSyncAction.swift */; };
/* End PBXBuildFile section */

/* Begin PBXContainerItemProxy section */
		65A8C5681DD602E700AB58F9 /* PBXContainerItemProxy */ = {
			isa = PBXContainerItemProxy;
			containerPortal = 65A8C5611DD602E700AB58F9 /* Katana.xcodeproj */;
			proxyType = 2;
			remoteGlobalIDString = 81EA56C71D5F3A6000B6290E;
			remoteInfo = Katana;
		};
		65A8C56A1DD602E700AB58F9 /* PBXContainerItemProxy */ = {
			isa = PBXContainerItemProxy;
			containerPortal = 65A8C5611DD602E700AB58F9 /* Katana.xcodeproj */;
			proxyType = 2;
			remoteGlobalIDString = 81EA56D61D5F3A6E00B6290E;
			remoteInfo = KatanaTests;
		};
		65A8C56C1DD602E700AB58F9 /* PBXContainerItemProxy */ = {
			isa = PBXContainerItemProxy;
			containerPortal = 65A8C5611DD602E700AB58F9 /* Katana.xcodeproj */;
			proxyType = 2;
			remoteGlobalIDString = 6513094F1DC3529F00007B6B;
			remoteInfo = KatanaElements;
		};
		65A8C56E1DD602E700AB58F9 /* PBXContainerItemProxy */ = {
			isa = PBXContainerItemProxy;
			containerPortal = 65A8C5611DD602E700AB58F9 /* Katana.xcodeproj */;
			proxyType = 2;
			remoteGlobalIDString = 6549948E1DD31BA70057D4BB;
			remoteInfo = Demo;
		};
		65A8C5741DD604D100AB58F9 /* PBXContainerItemProxy */ = {
			isa = PBXContainerItemProxy;
			containerPortal = 65A8C5611DD602E700AB58F9 /* Katana.xcodeproj */;
			proxyType = 1;
			remoteGlobalIDString = 81EA56C61D5F3A6000B6290E;
			remoteInfo = Katana;
		};
		65A8C5761DD604D300AB58F9 /* PBXContainerItemProxy */ = {
			isa = PBXContainerItemProxy;
			containerPortal = 65A8C5611DD602E700AB58F9 /* Katana.xcodeproj */;
			proxyType = 1;
			remoteGlobalIDString = 6513094E1DC3529F00007B6B;
			remoteInfo = KatanaElements;
		};
/* End PBXContainerItemProxy section */

/* Begin PBXFileReference section */
		659151521DD5BDAA003800C4 /* Minesweeper.app */ = {isa = PBXFileReference; explicitFileType = wrapper.application; includeInIndex = 0; path = Minesweeper.app; sourceTree = BUILT_PRODUCTS_DIR; };
		659151551DD5BDAA003800C4 /* AppDelegate.swift */ = {isa = PBXFileReference; lastKnownFileType = sourcecode.swift; path = AppDelegate.swift; sourceTree = "<group>"; };
		6591515C1DD5BDAA003800C4 /* Assets.xcassets */ = {isa = PBXFileReference; lastKnownFileType = folder.assetcatalog; path = Assets.xcassets; sourceTree = "<group>"; };
		6591515F1DD5BDAA003800C4 /* Base */ = {isa = PBXFileReference; lastKnownFileType = file.storyboard; name = Base; path = Base.lproj/LaunchScreen.storyboard; sourceTree = "<group>"; };
		659151611DD5BDAA003800C4 /* Info.plist */ = {isa = PBXFileReference; lastKnownFileType = text.plist.xml; path = Info.plist; sourceTree = "<group>"; };
		659151671DD5BF79003800C4 /* .swiftlint.yml */ = {isa = PBXFileReference; fileEncoding = 4; lastKnownFileType = text; path = .swiftlint.yml; sourceTree = "<group>"; };
		65A8C5611DD602E700AB58F9 /* Katana.xcodeproj */ = {isa = PBXFileReference; lastKnownFileType = "wrapper.pb-project"; name = Katana.xcodeproj; path = ../../Katana.xcodeproj; sourceTree = "<group>"; };
		65A8C5721DD6048300AB58F9 /* DiscloseCell.swift */ = {isa = PBXFileReference; fileEncoding = 4; lastKnownFileType = sourcecode.swift; name = DiscloseCell.swift; path = Actions/DiscloseCell.swift; sourceTree = "<group>"; };
		65A8C5781DD6056300AB58F9 /* MinesweeperState.swift */ = {isa = PBXFileReference; fileEncoding = 4; lastKnownFileType = sourcecode.swift; name = MinesweeperState.swift; path = State/MinesweeperState.swift; sourceTree = "<group>"; };
		65CAC59F1DD610B600395FE1 /* StartGame.swift */ = {isa = PBXFileReference; fileEncoding = 4; lastKnownFileType = sourcecode.swift; name = StartGame.swift; path = Actions/StartGame.swift; sourceTree = "<group>"; };
		65CAC5A31DD6115800395FE1 /* Minesweeper.swift */ = {isa = PBXFileReference; fileEncoding = 4; lastKnownFileType = sourcecode.swift; name = Minesweeper.swift; path = UI/Minesweeper.swift; sourceTree = "<group>"; };
		65CAC5A51DD6117A00395FE1 /* MinesweeperCell.swift */ = {isa = PBXFileReference; fileEncoding = 4; lastKnownFileType = sourcecode.swift; name = MinesweeperCell.swift; path = UI/MinesweeperCell.swift; sourceTree = "<group>"; };
		65CAC5A71DD6118700395FE1 /* MinesweeperGrid.swift */ = {isa = PBXFileReference; fileEncoding = 4; lastKnownFileType = sourcecode.swift; name = MinesweeperGrid.swift; path = UI/MinesweeperGrid.swift; sourceTree = "<group>"; };
		65D405611DD9ED2100AED19E /* Random.swift */ = {isa = PBXFileReference; fileEncoding = 4; lastKnownFileType = sourcecode.swift; name = Random.swift; path = Utils/Random.swift; sourceTree = "<group>"; };
		65D405631DD9EF9200AED19E /* MinesweeperSyncAction.swift */ = {isa = PBXFileReference; fileEncoding = 4; lastKnownFileType = sourcecode.swift; name = MinesweeperSyncAction.swift; path = Actions/MinesweeperSyncAction.swift; sourceTree = "<group>"; };
/* End PBXFileReference section */

/* Begin PBXFrameworksBuildPhase section */
		6591514F1DD5BDAA003800C4 /* Frameworks */ = {
			isa = PBXFrameworksBuildPhase;
			buildActionMask = 2147483647;
			files = (
			);
			runOnlyForDeploymentPostprocessing = 0;
		};
/* End PBXFrameworksBuildPhase section */

/* Begin PBXGroup section */
		659151491DD5BDAA003800C4 = {
			isa = PBXGroup;
			children = (
				659151671DD5BF79003800C4 /* .swiftlint.yml */,
				659151541DD5BDAA003800C4 /* Minesweeper */,
				659151531DD5BDAA003800C4 /* Products */,
				65A8C5601DD602E700AB58F9 /* Frameworks */,
			);
			sourceTree = "<group>";
		};
		659151531DD5BDAA003800C4 /* Products */ = {
			isa = PBXGroup;
			children = (
				659151521DD5BDAA003800C4 /* Minesweeper.app */,
			);
			name = Products;
			sourceTree = "<group>";
		};
		659151541DD5BDAA003800C4 /* Minesweeper */ = {
			isa = PBXGroup;
			children = (
				65D4055E1DD9ED0400AED19E /* Utils */,
				65A8C5711DD603F900AB58F9 /* State */,
				65A8C5701DD603F200AB58F9 /* Actions */,
				659151691DD5BFDA003800C4 /* UI */,
				659151551DD5BDAA003800C4 /* AppDelegate.swift */,
				6591515C1DD5BDAA003800C4 /* Assets.xcassets */,
				6591515E1DD5BDAA003800C4 /* LaunchScreen.storyboard */,
				659151611DD5BDAA003800C4 /* Info.plist */,
			);
			path = Minesweeper;
			sourceTree = "<group>";
		};
		659151691DD5BFDA003800C4 /* UI */ = {
			isa = PBXGroup;
			children = (
				65CAC5A31DD6115800395FE1 /* Minesweeper.swift */,
				65CAC5A71DD6118700395FE1 /* MinesweeperGrid.swift */,
				65CAC5A51DD6117A00395FE1 /* MinesweeperCell.swift */,
			);
			name = UI;
			sourceTree = "<group>";
		};
		65A8C5601DD602E700AB58F9 /* Frameworks */ = {
			isa = PBXGroup;
			children = (
				65A8C5611DD602E700AB58F9 /* Katana.xcodeproj */,
			);
			name = Frameworks;
			sourceTree = "<group>";
		};
		65A8C5621DD602E700AB58F9 /* Products */ = {
			isa = PBXGroup;
			children = (
				65A8C5691DD602E700AB58F9 /* Katana.framework */,
				65A8C56B1DD602E700AB58F9 /* KatanaTests.xctest */,
				65A8C56D1DD602E700AB58F9 /* KatanaElements.framework */,
				65A8C56F1DD602E700AB58F9 /* Demo.app */,
			);
			name = Products;
			sourceTree = "<group>";
		};
		65A8C5701DD603F200AB58F9 /* Actions */ = {
			isa = PBXGroup;
			children = (
				65D405631DD9EF9200AED19E /* MinesweeperSyncAction.swift */,
				65CAC59F1DD610B600395FE1 /* StartGame.swift */,
				65A8C5721DD6048300AB58F9 /* DiscloseCell.swift */,
			);
			name = Actions;
			sourceTree = "<group>";
		};
		65A8C5711DD603F900AB58F9 /* State */ = {
			isa = PBXGroup;
			children = (
				65A8C5781DD6056300AB58F9 /* MinesweeperState.swift */,
			);
			name = State;
			sourceTree = "<group>";
		};
		65D4055E1DD9ED0400AED19E /* Utils */ = {
			isa = PBXGroup;
			children = (
				65D405611DD9ED2100AED19E /* Random.swift */,
			);
			name = Utils;
			sourceTree = "<group>";
		};
/* End PBXGroup section */

/* Begin PBXNativeTarget section */
		659151511DD5BDAA003800C4 /* Minesweeper */ = {
			isa = PBXNativeTarget;
			buildConfigurationList = 659151641DD5BDAA003800C4 /* Build configuration list for PBXNativeTarget "Minesweeper" */;
			buildPhases = (
				6591514E1DD5BDAA003800C4 /* Sources */,
				6591514F1DD5BDAA003800C4 /* Frameworks */,
				659151501DD5BDAA003800C4 /* Resources */,
				65CAC5AE1DD85FFD00395FE1 /* ShellScript */,
			);
			buildRules = (
			);
			dependencies = (
				65A8C5771DD604D300AB58F9 /* PBXTargetDependency */,
				65A8C5751DD604D100AB58F9 /* PBXTargetDependency */,
			);
			name = Minesweeper;
			productName = Minefield;
			productReference = 659151521DD5BDAA003800C4 /* Minesweeper.app */;
			productType = "com.apple.product-type.application";
		};
/* End PBXNativeTarget section */

/* Begin PBXProject section */
		6591514A1DD5BDAA003800C4 /* Project object */ = {
			isa = PBXProject;
			attributes = {
				LastSwiftUpdateCheck = 0800;
				LastUpgradeCheck = 0800;
				ORGANIZATIONNAME = "Andrea De Angelis";
				TargetAttributes = {
					659151511DD5BDAA003800C4 = {
						CreatedOnToolsVersion = 8.0;
						ProvisioningStyle = Automatic;
					};
				};
			};
			buildConfigurationList = 6591514D1DD5BDAA003800C4 /* Build configuration list for PBXProject "Minesweeper" */;
			compatibilityVersion = "Xcode 3.2";
			developmentRegion = English;
			hasScannedForEncodings = 0;
			knownRegions = (
				en,
				Base,
			);
			mainGroup = 659151491DD5BDAA003800C4;
			productRefGroup = 659151531DD5BDAA003800C4 /* Products */;
			projectDirPath = "";
			projectReferences = (
				{
					ProductGroup = 65A8C5621DD602E700AB58F9 /* Products */;
					ProjectRef = 65A8C5611DD602E700AB58F9 /* Katana.xcodeproj */;
				},
			);
			projectRoot = "";
			targets = (
				659151511DD5BDAA003800C4 /* Minesweeper */,
			);
		};
/* End PBXProject section */

/* Begin PBXReferenceProxy section */
		65A8C5691DD602E700AB58F9 /* Katana.framework */ = {
			isa = PBXReferenceProxy;
			fileType = wrapper.framework;
			path = Katana.framework;
			remoteRef = 65A8C5681DD602E700AB58F9 /* PBXContainerItemProxy */;
			sourceTree = BUILT_PRODUCTS_DIR;
		};
		65A8C56B1DD602E700AB58F9 /* KatanaTests.xctest */ = {
			isa = PBXReferenceProxy;
			fileType = wrapper.cfbundle;
			path = KatanaTests.xctest;
			remoteRef = 65A8C56A1DD602E700AB58F9 /* PBXContainerItemProxy */;
			sourceTree = BUILT_PRODUCTS_DIR;
		};
		65A8C56D1DD602E700AB58F9 /* KatanaElements.framework */ = {
			isa = PBXReferenceProxy;
			fileType = wrapper.framework;
			path = KatanaElements.framework;
			remoteRef = 65A8C56C1DD602E700AB58F9 /* PBXContainerItemProxy */;
			sourceTree = BUILT_PRODUCTS_DIR;
		};
		65A8C56F1DD602E700AB58F9 /* Demo.app */ = {
			isa = PBXReferenceProxy;
			fileType = wrapper.application;
			path = Demo.app;
			remoteRef = 65A8C56E1DD602E700AB58F9 /* PBXContainerItemProxy */;
			sourceTree = BUILT_PRODUCTS_DIR;
		};
/* End PBXReferenceProxy section */

/* Begin PBXResourcesBuildPhase section */
		659151501DD5BDAA003800C4 /* Resources */ = {
			isa = PBXResourcesBuildPhase;
			buildActionMask = 2147483647;
			files = (
				659151681DD5BF79003800C4 /* .swiftlint.yml in Resources */,
				659151601DD5BDAA003800C4 /* LaunchScreen.storyboard in Resources */,
				6591515D1DD5BDAA003800C4 /* Assets.xcassets in Resources */,
			);
			runOnlyForDeploymentPostprocessing = 0;
		};
/* End PBXResourcesBuildPhase section */

/* Begin PBXShellScriptBuildPhase section */
		65CAC5AE1DD85FFD00395FE1 /* ShellScript */ = {
			isa = PBXShellScriptBuildPhase;
			buildActionMask = 2147483647;
			files = (
			);
			inputPaths = (
			);
			outputPaths = (
			);
			runOnlyForDeploymentPostprocessing = 0;
			shellPath = /bin/sh;
			shellScript = "if which swiftlint >/dev/null; then\nswiftlint\nelse\necho \"warning: SwiftLint not installed, download from https://github.com/realm/SwiftLint\"\nfi";
		};
/* End PBXShellScriptBuildPhase section */

/* Begin PBXSourcesBuildPhase section */
		6591514E1DD5BDAA003800C4 /* Sources */ = {
			isa = PBXSourcesBuildPhase;
			buildActionMask = 2147483647;
			files = (
				65D405621DD9ED2100AED19E /* Random.swift in Sources */,
				65CAC5DC1DD8F2FE00395FE1 /* MinesweeperState.swift in Sources */,
				65CAC5DD1DD8F2FE00395FE1 /* StartGame.swift in Sources */,
				65D405641DD9EF9200AED19E /* MinesweeperSyncAction.swift in Sources */,
				65CAC5DE1DD8F2FE00395FE1 /* DiscloseCell.swift in Sources */,
				65CAC5DF1DD8F2FE00395FE1 /* Minesweeper.swift in Sources */,
				65CAC5E01DD8F2FE00395FE1 /* MinesweeperGrid.swift in Sources */,
				65CAC5E11DD8F2FE00395FE1 /* MinesweeperCell.swift in Sources */,
				65CAC5C51DD8F14300395FE1 /* AppDelegate.swift in Sources */,
			);
			runOnlyForDeploymentPostprocessing = 0;
		};
/* End PBXSourcesBuildPhase section */

/* Begin PBXTargetDependency section */
		65A8C5751DD604D100AB58F9 /* PBXTargetDependency */ = {
			isa = PBXTargetDependency;
			name = Katana;
			targetProxy = 65A8C5741DD604D100AB58F9 /* PBXContainerItemProxy */;
		};
		65A8C5771DD604D300AB58F9 /* PBXTargetDependency */ = {
			isa = PBXTargetDependency;
			name = KatanaElements;
			targetProxy = 65A8C5761DD604D300AB58F9 /* PBXContainerItemProxy */;
		};
/* End PBXTargetDependency section */

/* Begin PBXVariantGroup section */
		6591515E1DD5BDAA003800C4 /* LaunchScreen.storyboard */ = {
			isa = PBXVariantGroup;
			children = (
				6591515F1DD5BDAA003800C4 /* Base */,
			);
			name = LaunchScreen.storyboard;
			sourceTree = "<group>";
		};
/* End PBXVariantGroup section */

/* Begin XCBuildConfiguration section */
		659151621DD5BDAA003800C4 /* Debug */ = {
			isa = XCBuildConfiguration;
			buildSettings = {
				ALWAYS_SEARCH_USER_PATHS = NO;
				CLANG_ANALYZER_NONNULL = YES;
				CLANG_CXX_LANGUAGE_STANDARD = "gnu++0x";
				CLANG_CXX_LIBRARY = "libc++";
				CLANG_ENABLE_MODULES = YES;
				CLANG_ENABLE_OBJC_ARC = YES;
				CLANG_WARN_BOOL_CONVERSION = YES;
				CLANG_WARN_CONSTANT_CONVERSION = YES;
				CLANG_WARN_DIRECT_OBJC_ISA_USAGE = YES_ERROR;
				CLANG_WARN_DOCUMENTATION_COMMENTS = YES;
				CLANG_WARN_EMPTY_BODY = YES;
				CLANG_WARN_ENUM_CONVERSION = YES;
				CLANG_WARN_INFINITE_RECURSION = YES;
				CLANG_WARN_INT_CONVERSION = YES;
				CLANG_WARN_OBJC_ROOT_CLASS = YES_ERROR;
				CLANG_WARN_SUSPICIOUS_MOVES = YES;
				CLANG_WARN_UNREACHABLE_CODE = YES;
				CLANG_WARN__DUPLICATE_METHOD_MATCH = YES;
				"CODE_SIGN_IDENTITY[sdk=iphoneos*]" = "iPhone Developer";
				COPY_PHASE_STRIP = NO;
				DEBUG_INFORMATION_FORMAT = dwarf;
				ENABLE_STRICT_OBJC_MSGSEND = YES;
				ENABLE_TESTABILITY = YES;
				GCC_C_LANGUAGE_STANDARD = gnu99;
				GCC_DYNAMIC_NO_PIC = NO;
				GCC_NO_COMMON_BLOCKS = YES;
				GCC_OPTIMIZATION_LEVEL = 0;
				GCC_PREPROCESSOR_DEFINITIONS = (
					"DEBUG=1",
					"$(inherited)",
				);
				GCC_WARN_64_TO_32_BIT_CONVERSION = YES;
				GCC_WARN_ABOUT_RETURN_TYPE = YES_ERROR;
				GCC_WARN_UNDECLARED_SELECTOR = YES;
				GCC_WARN_UNINITIALIZED_AUTOS = YES_AGGRESSIVE;
				GCC_WARN_UNUSED_FUNCTION = YES;
				GCC_WARN_UNUSED_VARIABLE = YES;
				IPHONEOS_DEPLOYMENT_TARGET = 10.0;
				MTL_ENABLE_DEBUG_INFO = YES;
				ONLY_ACTIVE_ARCH = YES;
				SDKROOT = iphoneos;
				SWIFT_ACTIVE_COMPILATION_CONDITIONS = DEBUG;
				SWIFT_OPTIMIZATION_LEVEL = "-Onone";
				TARGETED_DEVICE_FAMILY = "1,2";
			};
			name = Debug;
		};
		659151631DD5BDAA003800C4 /* Release */ = {
			isa = XCBuildConfiguration;
			buildSettings = {
				ALWAYS_SEARCH_USER_PATHS = NO;
				CLANG_ANALYZER_NONNULL = YES;
				CLANG_CXX_LANGUAGE_STANDARD = "gnu++0x";
				CLANG_CXX_LIBRARY = "libc++";
				CLANG_ENABLE_MODULES = YES;
				CLANG_ENABLE_OBJC_ARC = YES;
				CLANG_WARN_BOOL_CONVERSION = YES;
				CLANG_WARN_CONSTANT_CONVERSION = YES;
				CLANG_WARN_DIRECT_OBJC_ISA_USAGE = YES_ERROR;
				CLANG_WARN_DOCUMENTATION_COMMENTS = YES;
				CLANG_WARN_EMPTY_BODY = YES;
				CLANG_WARN_ENUM_CONVERSION = YES;
				CLANG_WARN_INFINITE_RECURSION = YES;
				CLANG_WARN_INT_CONVERSION = YES;
				CLANG_WARN_OBJC_ROOT_CLASS = YES_ERROR;
				CLANG_WARN_SUSPICIOUS_MOVES = YES;
				CLANG_WARN_UNREACHABLE_CODE = YES;
				CLANG_WARN__DUPLICATE_METHOD_MATCH = YES;
				"CODE_SIGN_IDENTITY[sdk=iphoneos*]" = "iPhone Developer";
				COPY_PHASE_STRIP = NO;
				DEBUG_INFORMATION_FORMAT = "dwarf-with-dsym";
				ENABLE_NS_ASSERTIONS = NO;
				ENABLE_STRICT_OBJC_MSGSEND = YES;
				GCC_C_LANGUAGE_STANDARD = gnu99;
				GCC_NO_COMMON_BLOCKS = YES;
				GCC_WARN_64_TO_32_BIT_CONVERSION = YES;
				GCC_WARN_ABOUT_RETURN_TYPE = YES_ERROR;
				GCC_WARN_UNDECLARED_SELECTOR = YES;
				GCC_WARN_UNINITIALIZED_AUTOS = YES_AGGRESSIVE;
				GCC_WARN_UNUSED_FUNCTION = YES;
				GCC_WARN_UNUSED_VARIABLE = YES;
				IPHONEOS_DEPLOYMENT_TARGET = 10.0;
				MTL_ENABLE_DEBUG_INFO = NO;
				SDKROOT = iphoneos;
				SWIFT_OPTIMIZATION_LEVEL = "-Owholemodule";
				TARGETED_DEVICE_FAMILY = "1,2";
				VALIDATE_PRODUCT = YES;
			};
			name = Release;
		};
		659151651DD5BDAA003800C4 /* Debug */ = {
			isa = XCBuildConfiguration;
			buildSettings = {
				ASSETCATALOG_COMPILER_APPICON_NAME = AppIcon;
				INFOPLIST_FILE = "$(SRCROOT)/Minesweeper/Info.plist";
				LD_RUNPATH_SEARCH_PATHS = "$(inherited) @executable_path/Frameworks";
				PRODUCT_BUNDLE_IDENTIFIER = BendingSpoons.Minesweeper;
				PRODUCT_NAME = "$(TARGET_NAME)";
				SWIFT_VERSION = 3.0;
				TARGETED_DEVICE_FAMILY = 1;
			};
			name = Debug;
		};
		659151661DD5BDAA003800C4 /* Release */ = {
			isa = XCBuildConfiguration;
			buildSettings = {
				ASSETCATALOG_COMPILER_APPICON_NAME = AppIcon;
				INFOPLIST_FILE = "$(SRCROOT)/Minesweeper/Info.plist";
				LD_RUNPATH_SEARCH_PATHS = "$(inherited) @executable_path/Frameworks";
				PRODUCT_BUNDLE_IDENTIFIER = BendingSpoons.Minesweeper;
				PRODUCT_NAME = "$(TARGET_NAME)";
				SWIFT_VERSION = 3.0;
				TARGETED_DEVICE_FAMILY = 1;
			};
			name = Release;
		};
/* End XCBuildConfiguration section */

/* Begin XCConfigurationList section */
		6591514D1DD5BDAA003800C4 /* Build configuration list for PBXProject "Minesweeper" */ = {
			isa = XCConfigurationList;
			buildConfigurations = (
				659151621DD5BDAA003800C4 /* Debug */,
				659151631DD5BDAA003800C4 /* Release */,
			);
			defaultConfigurationIsVisible = 0;
			defaultConfigurationName = Release;
		};
		659151641DD5BDAA003800C4 /* Build configuration list for PBXNativeTarget "Minesweeper" */ = {
			isa = XCConfigurationList;
			buildConfigurations = (
				659151651DD5BDAA003800C4 /* Debug */,
				659151661DD5BDAA003800C4 /* Release */,
			);
			defaultConfigurationIsVisible = 0;
			defaultConfigurationName = Release;
		};
/* End XCConfigurationList section */
	};
	rootObject = 6591514A1DD5BDAA003800C4 /* Project object */;
}
